// !$*UTF8*$!
{
	archiveVersion = 1;
	classes = {
	};
	objectVersion = 46;
	objects = {

/* Begin PBXBuildFile section */
		7315512213583FFD004CCD09 /* Cocoa.framework in Frameworks */ = {isa = PBXBuildFile; fileRef = 7315512113583FFD004CCD09 /* Cocoa.framework */; };
		7315512C13583FFD004CCD09 /* InfoPlist.strings in Resources */ = {isa = PBXBuildFile; fileRef = 7315512A13583FFD004CCD09 /* InfoPlist.strings */; };
		7315512F13583FFD004CCD09 /* main.m in Sources */ = {isa = PBXBuildFile; fileRef = 7315512E13583FFD004CCD09 /* main.m */; };
		7315513213583FFD004CCD09 /* Credits.rtf in Resources */ = {isa = PBXBuildFile; fileRef = 7315513013583FFD004CCD09 /* Credits.rtf */; };
		7315513513583FFD004CCD09 /* SainoAppDelegate.m in Sources */ = {isa = PBXBuildFile; fileRef = 7315513413583FFD004CCD09 /* SainoAppDelegate.m */; };
		7315513813583FFD004CCD09 /* MainMenu.xib in Resources */ = {isa = PBXBuildFile; fileRef = 7315513613583FFD004CCD09 /* MainMenu.xib */; };
		7315513F13583FFD004CCD09 /* Cocoa.framework in Frameworks */ = {isa = PBXBuildFile; fileRef = 7315512113583FFD004CCD09 /* Cocoa.framework */; };
		7315514713583FFD004CCD09 /* InfoPlist.strings in Resources */ = {isa = PBXBuildFile; fileRef = 7315514513583FFD004CCD09 /* InfoPlist.strings */; };
		7315514A13583FFD004CCD09 /* SainoTests.h in Resources */ = {isa = PBXBuildFile; fileRef = 7315514913583FFD004CCD09 /* SainoTests.h */; };
		7315514C13583FFD004CCD09 /* SainoTests.m in Sources */ = {isa = PBXBuildFile; fileRef = 7315514B13583FFD004CCD09 /* SainoTests.m */; };
/* End PBXBuildFile section */

/* Begin PBXContainerItemProxy section */
		7315514013583FFD004CCD09 /* PBXContainerItemProxy */ = {
			isa = PBXContainerItemProxy;
			containerPortal = 7315511413583FFD004CCD09 /* Project object */;
			proxyType = 1;
			remoteGlobalIDString = 7315511C13583FFD004CCD09;
			remoteInfo = Saino;
		};
/* End PBXContainerItemProxy section */

/* Begin PBXFileReference section */
		7315511D13583FFD004CCD09 /* Saino.app */ = {isa = PBXFileReference; explicitFileType = wrapper.application; includeInIndex = 0; path = Saino.app; sourceTree = BUILT_PRODUCTS_DIR; };
		7315512113583FFD004CCD09 /* Cocoa.framework */ = {isa = PBXFileReference; lastKnownFileType = wrapper.framework; name = Cocoa.framework; path = System/Library/Frameworks/Cocoa.framework; sourceTree = SDKROOT; };
		7315512413583FFD004CCD09 /* AppKit.framework */ = {isa = PBXFileReference; lastKnownFileType = wrapper.framework; name = AppKit.framework; path = System/Library/Frameworks/AppKit.framework; sourceTree = SDKROOT; };
		7315512513583FFD004CCD09 /* CoreData.framework */ = {isa = PBXFileReference; lastKnownFileType = wrapper.framework; name = CoreData.framework; path = System/Library/Frameworks/CoreData.framework; sourceTree = SDKROOT; };
		7315512613583FFD004CCD09 /* Foundation.framework */ = {isa = PBXFileReference; lastKnownFileType = wrapper.framework; name = Foundation.framework; path = System/Library/Frameworks/Foundation.framework; sourceTree = SDKROOT; };
		7315512913583FFD004CCD09 /* Saino-Info.plist */ = {isa = PBXFileReference; path = "Saino-Info.plist"; sourceTree = "<group>"; };
		7315512B13583FFD004CCD09 /* en */ = {isa = PBXFileReference; lastKnownFileType = text.plist.strings; name = en; path = en.lproj/InfoPlist.strings; sourceTree = "<group>"; };
		7315512D13583FFD004CCD09 /* Saino-Prefix.pch */ = {isa = PBXFileReference; path = "Saino-Prefix.pch"; sourceTree = "<group>"; };
		7315512E13583FFD004CCD09 /* main.m */ = {isa = PBXFileReference; lastKnownFileType = sourcecode.c.objc; path = main.m; sourceTree = "<group>"; };
		7315513113583FFD004CCD09 /* en */ = {isa = PBXFileReference; lastKnownFileType = text.rtf; name = en; path = en.lproj/Credits.rtf; sourceTree = "<group>"; };
		7315513313583FFD004CCD09 /* SainoAppDelegate.h */ = {isa = PBXFileReference; path = SainoAppDelegate.h; sourceTree = "<group>"; };
		7315513413583FFD004CCD09 /* SainoAppDelegate.m */ = {isa = PBXFileReference; lastKnownFileType = sourcecode.c.objc; path = SainoAppDelegate.m; sourceTree = "<group>"; };
		7315513713583FFD004CCD09 /* en */ = {isa = PBXFileReference; lastKnownFileType = file.xib; name = en; path = en.lproj/MainMenu.xib; sourceTree = "<group>"; };
		7315513E13583FFD004CCD09 /* SainoTests.octest */ = {isa = PBXFileReference; explicitFileType = wrapper.cfbundle; includeInIndex = 0; path = SainoTests.octest; sourceTree = BUILT_PRODUCTS_DIR; };
		7315514413583FFD004CCD09 /* SainoTests-Info.plist */ = {isa = PBXFileReference; path = "SainoTests-Info.plist"; sourceTree = "<group>"; };
		7315514613583FFD004CCD09 /* en */ = {isa = PBXFileReference; lastKnownFileType = text.plist.strings; name = en; path = en.lproj/InfoPlist.strings; sourceTree = "<group>"; };
		7315514813583FFD004CCD09 /* SainoTests-Prefix.pch */ = {isa = PBXFileReference; path = "SainoTests-Prefix.pch"; sourceTree = "<group>"; };
		7315514913583FFD004CCD09 /* SainoTests.h */ = {isa = PBXFileReference; lastKnownFileType = sourcecode.c.h; path = SainoTests.h; sourceTree = "<group>"; };
		7315514B13583FFD004CCD09 /* SainoTests.m */ = {isa = PBXFileReference; lastKnownFileType = sourcecode.c.objc; path = SainoTests.m; sourceTree = "<group>"; };
/* End PBXFileReference section */

/* Begin PBXFrameworksBuildPhase section */
		7315511A13583FFD004CCD09 /* Frameworks */ = {
			isa = PBXFrameworksBuildPhase;
			buildActionMask = 2147483647;
			files = (
				7315512213583FFD004CCD09 /* Cocoa.framework in Frameworks */,
			);
			runOnlyForDeploymentPostprocessing = 0;
		};
		7315513A13583FFD004CCD09 /* Frameworks */ = {
			isa = PBXFrameworksBuildPhase;
			buildActionMask = 2147483647;
			files = (
				7315513F13583FFD004CCD09 /* Cocoa.framework in Frameworks */,
			);
			runOnlyForDeploymentPostprocessing = 0;
		};
/* End PBXFrameworksBuildPhase section */

/* Begin PBXGroup section */
		7315511213583FFD004CCD09 = {
			isa = PBXGroup;
			children = (
				7315512713583FFD004CCD09 /* Saino */,
				7315514213583FFD004CCD09 /* SainoTests */,
				7315512013583FFD004CCD09 /* Frameworks */,
				7315511E13583FFD004CCD09 /* Products */,
			);
			sourceTree = "<group>";
		};
		7315511E13583FFD004CCD09 /* Products */ = {
			isa = PBXGroup;
			children = (
				7315511D13583FFD004CCD09 /* Saino.app */,
				7315513E13583FFD004CCD09 /* SainoTests.octest */,
			);
			name = Products;
			sourceTree = "<group>";
		};
		7315512013583FFD004CCD09 /* Frameworks */ = {
			isa = PBXGroup;
			children = (
				7315512113583FFD004CCD09 /* Cocoa.framework */,
				7315512313583FFD004CCD09 /* Other Frameworks */,
			);
			name = Frameworks;
			sourceTree = "<group>";
		};
		7315512313583FFD004CCD09 /* Other Frameworks */ = {
			isa = PBXGroup;
			children = (
				7315512413583FFD004CCD09 /* AppKit.framework */,
				7315512513583FFD004CCD09 /* CoreData.framework */,
				7315512613583FFD004CCD09 /* Foundation.framework */,
			);
			name = "Other Frameworks";
			sourceTree = "<group>";
		};
		7315512713583FFD004CCD09 /* Saino */ = {
			isa = PBXGroup;
			children = (
				7315513313583FFD004CCD09 /* SainoAppDelegate.h */,
				7315513413583FFD004CCD09 /* SainoAppDelegate.m */,
				7315513613583FFD004CCD09 /* MainMenu.xib */,
				7315512813583FFD004CCD09 /* Supporting Files */,
			);
			path = Saino;
			sourceTree = "<group>";
		};
		7315512813583FFD004CCD09 /* Supporting Files */ = {
			isa = PBXGroup;
			children = (
				7315512913583FFD004CCD09 /* Saino-Info.plist */,
				7315512A13583FFD004CCD09 /* InfoPlist.strings */,
				7315512D13583FFD004CCD09 /* Saino-Prefix.pch */,
				7315512E13583FFD004CCD09 /* main.m */,
				7315513013583FFD004CCD09 /* Credits.rtf */,
			);
			name = "Supporting Files";
			sourceTree = "<group>";
		};
		7315514213583FFD004CCD09 /* SainoTests */ = {
			isa = PBXGroup;
			children = (
				7315514913583FFD004CCD09 /* SainoTests.h */,
				7315514B13583FFD004CCD09 /* SainoTests.m */,
				7315514313583FFD004CCD09 /* Supporting Files */,
			);
			path = SainoTests;
			sourceTree = "<group>";
		};
		7315514313583FFD004CCD09 /* Supporting Files */ = {
			isa = PBXGroup;
			children = (
				7315514413583FFD004CCD09 /* SainoTests-Info.plist */,
				7315514513583FFD004CCD09 /* InfoPlist.strings */,
				7315514813583FFD004CCD09 /* SainoTests-Prefix.pch */,
			);
			name = "Supporting Files";
			sourceTree = "<group>";
		};
/* End PBXGroup section */

/* Begin PBXNativeTarget section */
		7315511C13583FFD004CCD09 /* Saino */ = {
			isa = PBXNativeTarget;
			buildConfigurationList = 7315514F13583FFD004CCD09 /* Build configuration list for PBXNativeTarget "Saino" */;
			buildPhases = (
				7315511913583FFD004CCD09 /* Sources */,
				7315511A13583FFD004CCD09 /* Frameworks */,
				7315511B13583FFD004CCD09 /* Resources */,
			);
			buildRules = (
			);
			dependencies = (
			);
			name = Saino;
			productName = Saino;
			productReference = 7315511D13583FFD004CCD09 /* Saino.app */;
			productType = "com.apple.product-type.application";
		};
		7315513D13583FFD004CCD09 /* SainoTests */ = {
			isa = PBXNativeTarget;
			buildConfigurationList = 7315515213583FFD004CCD09 /* Build configuration list for PBXNativeTarget "SainoTests" */;
			buildPhases = (
				7315513913583FFD004CCD09 /* Sources */,
				7315513A13583FFD004CCD09 /* Frameworks */,
				7315513B13583FFD004CCD09 /* Resources */,
				7315513C13583FFD004CCD09 /* ShellScript */,
			);
			buildRules = (
			);
			dependencies = (
				7315514113583FFD004CCD09 /* PBXTargetDependency */,
			);
			name = SainoTests;
			productName = SainoTests;
			productReference = 7315513E13583FFD004CCD09 /* SainoTests.octest */;
			productType = "com.apple.product-type.bundle";
		};
/* End PBXNativeTarget section */

/* Begin PBXProject section */
		7315511413583FFD004CCD09 /* Project object */ = {
			isa = PBXProject;
			attributes = {
				ORGANIZATIONNAME = "Institute of Low Temperature Science";
			};
			buildConfigurationList = 7315511713583FFD004CCD09 /* Build configuration list for PBXProject "Saino" */;
			compatibilityVersion = "Xcode 3.2";
			developmentRegion = English;
			hasScannedForEncodings = 0;
			knownRegions = (
				en,
			);
			mainGroup = 7315511213583FFD004CCD09;
			productRefGroup = 7315511E13583FFD004CCD09 /* Products */;
			projectDirPath = "";
			projectRoot = "";
			targets = (
				7315511C13583FFD004CCD09 /* Saino */,
				7315513D13583FFD004CCD09 /* SainoTests */,
			);
		};
/* End PBXProject section */

/* Begin PBXResourcesBuildPhase section */
		7315511B13583FFD004CCD09 /* Resources */ = {
			isa = PBXResourcesBuildPhase;
			buildActionMask = 2147483647;
			files = (
				7315512C13583FFD004CCD09 /* InfoPlist.strings in Resources */,
				7315513213583FFD004CCD09 /* Credits.rtf in Resources */,
				7315513813583FFD004CCD09 /* MainMenu.xib in Resources */,
			);
			runOnlyForDeploymentPostprocessing = 0;
		};
		7315513B13583FFD004CCD09 /* Resources */ = {
			isa = PBXResourcesBuildPhase;
			buildActionMask = 2147483647;
			files = (
				7315514713583FFD004CCD09 /* InfoPlist.strings in Resources */,
				7315514A13583FFD004CCD09 /* SainoTests.h in Resources */,
			);
			runOnlyForDeploymentPostprocessing = 0;
		};
/* End PBXResourcesBuildPhase section */

/* Begin PBXShellScriptBuildPhase section */
		7315513C13583FFD004CCD09 /* ShellScript */ = {
			isa = PBXShellScriptBuildPhase;
			buildActionMask = 2147483647;
			files = (
			);
			inputPaths = (
			);
			outputPaths = (
			);
			runOnlyForDeploymentPostprocessing = 0;
			shellPath = /bin/sh;
			shellScript = "# Run the unit tests in this test bundle.\n\"${SYSTEM_DEVELOPER_DIR}/Tools/RunUnitTests\"\n";
		};
/* End PBXShellScriptBuildPhase section */

/* Begin PBXSourcesBuildPhase section */
		7315511913583FFD004CCD09 /* Sources */ = {
			isa = PBXSourcesBuildPhase;
			buildActionMask = 2147483647;
			files = (
				7315512F13583FFD004CCD09 /* main.m in Sources */,
				7315513513583FFD004CCD09 /* SainoAppDelegate.m in Sources */,
			);
			runOnlyForDeploymentPostprocessing = 0;
		};
		7315513913583FFD004CCD09 /* Sources */ = {
			isa = PBXSourcesBuildPhase;
			buildActionMask = 2147483647;
			files = (
				7315514C13583FFD004CCD09 /* SainoTests.m in Sources */,
			);
			runOnlyForDeploymentPostprocessing = 0;
		};
/* End PBXSourcesBuildPhase section */

/* Begin PBXTargetDependency section */
		7315514113583FFD004CCD09 /* PBXTargetDependency */ = {
			isa = PBXTargetDependency;
			target = 7315511C13583FFD004CCD09 /* Saino */;
			targetProxy = 7315514013583FFD004CCD09 /* PBXContainerItemProxy */;
		};
/* End PBXTargetDependency section */

/* Begin PBXVariantGroup section */
		7315512A13583FFD004CCD09 /* InfoPlist.strings */ = {
			isa = PBXVariantGroup;
			children = (
				7315512B13583FFD004CCD09 /* en */,
			);
			name = InfoPlist.strings;
			sourceTree = "<group>";
		};
		7315513013583FFD004CCD09 /* Credits.rtf */ = {
			isa = PBXVariantGroup;
			children = (
				7315513113583FFD004CCD09 /* en */,
			);
			name = Credits.rtf;
			sourceTree = "<group>";
		};
		7315513613583FFD004CCD09 /* MainMenu.xib */ = {
			isa = PBXVariantGroup;
			children = (
				7315513713583FFD004CCD09 /* en */,
			);
			name = MainMenu.xib;
			sourceTree = "<group>";
		};
		7315514513583FFD004CCD09 /* InfoPlist.strings */ = {
			isa = PBXVariantGroup;
			children = (
				7315514613583FFD004CCD09 /* en */,
			);
			name = InfoPlist.strings;
			sourceTree = "<group>";
		};
/* End PBXVariantGroup section */

/* Begin XCBuildConfiguration section */
		7315514D13583FFD004CCD09 /* Debug */ = {
			isa = XCBuildConfiguration;
			buildSettings = {
				ARCHS = "$(ARCHS_STANDARD_32_64_BIT)";
				GCC_C_LANGUAGE_STANDARD = gnu99;
				GCC_OPTIMIZATION_LEVEL = 0;
				GCC_PREPROCESSOR_DEFINITIONS = DEBUG;
				GCC_SYMBOLS_PRIVATE_EXTERN = NO;
				GCC_VERSION = com.apple.compilers.llvm.clang.1_0;
				GCC_WARN_64_TO_32_BIT_CONVERSION = YES;
				GCC_WARN_ABOUT_RETURN_TYPE = YES;
				GCC_WARN_UNUSED_VARIABLE = YES;
				MACOSX_DEPLOYMENT_TARGET = 10.6;
				ONLY_ACTIVE_ARCH = YES;
				SDKROOT = macosx;
			};
			name = Debug;
		};
		7315514E13583FFD004CCD09 /* Release */ = {
			isa = XCBuildConfiguration;
			buildSettings = {
				ARCHS = "$(ARCHS_STANDARD_32_64_BIT)";
				GCC_C_LANGUAGE_STANDARD = gnu99;
				GCC_VERSION = com.apple.compilers.llvm.clang.1_0;
				GCC_WARN_64_TO_32_BIT_CONVERSION = YES;
				GCC_WARN_ABOUT_RETURN_TYPE = YES;
				GCC_WARN_UNUSED_VARIABLE = YES;
				MACOSX_DEPLOYMENT_TARGET = 10.6;
				SDKROOT = macosx;
			};
			name = Release;
		};
		7315515013583FFD004CCD09 /* Debug */ = {
			isa = XCBuildConfiguration;
			buildSettings = {
				ALWAYS_SEARCH_USER_PATHS = NO;
				COPY_PHASE_STRIP = NO;
				GCC_DYNAMIC_NO_PIC = NO;
				GCC_ENABLE_OBJC_EXCEPTIONS = YES;
				GCC_PRECOMPILE_PREFIX_HEADER = YES;
				GCC_PREFIX_HEADER = "Saino/Saino-Prefix.pch";
				INFOPLIST_FILE = "Saino/Saino-Info.plist";
				PRODUCT_NAME = "$(TARGET_NAME)";
				WRAPPER_EXTENSION = app;
			};
			name = Debug;
		};
		7315515113583FFD004CCD09 /* Release */ = {
			isa = XCBuildConfiguration;
			buildSettings = {
				ALWAYS_SEARCH_USER_PATHS = NO;
				COPY_PHASE_STRIP = YES;
				DEBUG_INFORMATION_FORMAT = "dwarf-with-dsym";
				GCC_ENABLE_OBJC_EXCEPTIONS = YES;
				GCC_PRECOMPILE_PREFIX_HEADER = YES;
				GCC_PREFIX_HEADER = "Saino/Saino-Prefix.pch";
				INFOPLIST_FILE = "Saino/Saino-Info.plist";
				PRODUCT_NAME = "$(TARGET_NAME)";
				WRAPPER_EXTENSION = app;
			};
			name = Release;
		};
		7315515313583FFD004CCD09 /* Debug */ = {
			isa = XCBuildConfiguration;
			buildSettings = {
				ALWAYS_SEARCH_USER_PATHS = NO;
				BUNDLE_LOADER = "$(BUILT_PRODUCTS_DIR)/Saino.app/Contents/MacOS/Saino";
				COPY_PHASE_STRIP = NO;
				FRAMEWORK_SEARCH_PATHS = "$(DEVELOPER_LIBRARY_DIR)/Frameworks";
				GCC_DYNAMIC_NO_PIC = NO;
				GCC_ENABLE_OBJC_EXCEPTIONS = YES;
				GCC_PRECOMPILE_PREFIX_HEADER = YES;
				GCC_PREFIX_HEADER = "SainoTests/SainoTests-Prefix.pch";
				INFOPLIST_FILE = "SainoTests/SainoTests-Info.plist";
				OTHER_LDFLAGS = (
					"-framework",
					SenTestingKit,
				);
				PRODUCT_NAME = "$(TARGET_NAME)";
				TEST_HOST = "$(BUNDLE_LOADER)";
				WRAPPER_EXTENSION = octest;
			};
			name = Debug;
		};
		7315515413583FFD004CCD09 /* Release */ = {
			isa = XCBuildConfiguration;
			buildSettings = {
				ALWAYS_SEARCH_USER_PATHS = NO;
				BUNDLE_LOADER = "$(BUILT_PRODUCTS_DIR)/Saino.app/Contents/MacOS/Saino";
				COPY_PHASE_STRIP = YES;
				DEBUG_INFORMATION_FORMAT = "dwarf-with-dsym";
				FRAMEWORK_SEARCH_PATHS = "$(DEVELOPER_LIBRARY_DIR)/Frameworks";
				GCC_ENABLE_OBJC_EXCEPTIONS = YES;
				GCC_PRECOMPILE_PREFIX_HEADER = YES;
				GCC_PREFIX_HEADER = "SainoTests/SainoTests-Prefix.pch";
				INFOPLIST_FILE = "SainoTests/SainoTests-Info.plist";
				OTHER_LDFLAGS = (
					"-framework",
					SenTestingKit,
				);
				PRODUCT_NAME = "$(TARGET_NAME)";
				TEST_HOST = "$(BUNDLE_LOADER)";
				WRAPPER_EXTENSION = octest;
			};
			name = Release;
		};
/* End XCBuildConfiguration section */

/* Begin XCConfigurationList section */
		7315511713583FFD004CCD09 /* Build configuration list for PBXProject "Saino" */ = {
			isa = XCConfigurationList;
			buildConfigurations = (
				7315514D13583FFD004CCD09 /* Debug */,
				7315514E13583FFD004CCD09 /* Release */,
			);
			defaultConfigurationIsVisible = 0;
			defaultConfigurationName = Release;
		};
		7315514F13583FFD004CCD09 /* Build configuration list for PBXNativeTarget "Saino" */ = {
			isa = XCConfigurationList;
			buildConfigurations = (
				7315515013583FFD004CCD09 /* Debug */,
				7315515113583FFD004CCD09 /* Release */,
			);
			defaultConfigurationIsVisible = 0;
		};
		7315515213583FFD004CCD09 /* Build configuration list for PBXNativeTarget "SainoTests" */ = {
			isa = XCConfigurationList;
			buildConfigurations = (
				7315515313583FFD004CCD09 /* Debug */,
				7315515413583FFD004CCD09 /* Release */,
			);
			defaultConfigurationIsVisible = 0;
		};
/* End XCConfigurationList section */
	};
	rootObject = 7315511413583FFD004CCD09 /* Project object */;
}
