// !$*UTF8*$!
{
	archiveVersion = 1;
	classes = {
	};
	objectVersion = 46;
	objects = {

/* Begin PBXBuildFile section */
		73051E2E17F2B582001861D8 /* OpenCL.framework in Frameworks */ = {isa = PBXBuildFile; fileRef = 73051E2D17F2B582001861D8 /* OpenCL.framework */; };
		73059E43186BD5F9008B5E44 /* Numerics.c in Sources */ = {isa = PBXBuildFile; fileRef = 73059E42186BD5F8008B5E44 /* Numerics.c */; };
		730873901509F5BF001DE27F /* FEMParallelMPI.m in Sources */ = {isa = PBXBuildFile; fileRef = 7308738F1509F5BF001DE27F /* FEMParallelMPI.m */; };
		7310B08A13B0BCD100F5E96B /* Accelerate.framework in Frameworks */ = {isa = PBXBuildFile; fileRef = 7310B08913B0BCD100F5E96B /* Accelerate.framework */; };
		7315512213583FFD004CCD09 /* Cocoa.framework in Frameworks */ = {isa = PBXBuildFile; fileRef = 7315512113583FFD004CCD09 /* Cocoa.framework */; };
		7315512C13583FFD004CCD09 /* InfoPlist.strings in Resources */ = {isa = PBXBuildFile; fileRef = 7315512A13583FFD004CCD09 /* InfoPlist.strings */; };
		7315512F13583FFD004CCD09 /* main.m in Sources */ = {isa = PBXBuildFile; fileRef = 7315512E13583FFD004CCD09 /* main.m */; };
		7315513213583FFD004CCD09 /* Credits.rtf in Resources */ = {isa = PBXBuildFile; fileRef = 7315513013583FFD004CCD09 /* Credits.rtf */; };
		7315513513583FFD004CCD09 /* SainoAppDelegate.m in Sources */ = {isa = PBXBuildFile; fileRef = 7315513413583FFD004CCD09 /* SainoAppDelegate.m */; };
		7315513813583FFD004CCD09 /* MainMenu.xib in Resources */ = {isa = PBXBuildFile; fileRef = 7315513613583FFD004CCD09 /* MainMenu.xib */; };
		7315513F13583FFD004CCD09 /* Cocoa.framework in Frameworks */ = {isa = PBXBuildFile; fileRef = 7315512113583FFD004CCD09 /* Cocoa.framework */; };
		7315514713583FFD004CCD09 /* InfoPlist.strings in Resources */ = {isa = PBXBuildFile; fileRef = 7315514513583FFD004CCD09 /* InfoPlist.strings */; };
		7315514A13583FFD004CCD09 /* SainoTests.h in Resources */ = {isa = PBXBuildFile; fileRef = 7315514913583FFD004CCD09 /* SainoTests.h */; };
		7315514C13583FFD004CCD09 /* SainoTests.m in Sources */ = {isa = PBXBuildFile; fileRef = 7315514B13583FFD004CCD09 /* SainoTests.m */; };
		7315515913586108004CCD09 /* FEMCore.m in Sources */ = {isa = PBXBuildFile; fileRef = 7315515813586108004CCD09 /* FEMCore.m */; };
		7315515D1358615D004CCD09 /* FEMMesh.m in Sources */ = {isa = PBXBuildFile; fileRef = 7315515C1358615D004CCD09 /* FEMMesh.m */; };
		73167EFE177058D8003A1A20 /* FEMDifferentials.m in Sources */ = {isa = PBXBuildFile; fileRef = 73167EFD177058D8003A1A20 /* FEMDifferentials.m */; };
		7316B30316144DC900A8C23C /* FEMInterpolation.m in Sources */ = {isa = PBXBuildFile; fileRef = 7316B30216144DC800A8C23C /* FEMInterpolation.m */; };
		73206776168D7D9700BAE816 /* FEMElementUtils.m in Sources */ = {isa = PBXBuildFile; fileRef = 73206775168D7D9700BAE816 /* FEMElementUtils.m */; };
		7320677A169A6EA900BAE816 /* FEMListMatrix.m in Sources */ = {isa = PBXBuildFile; fileRef = 73206779169A6EA800BAE816 /* FEMListMatrix.m */; };
		7320677D169C00DF00BAE816 /* FEMBandwidthOptimize.m in Sources */ = {isa = PBXBuildFile; fileRef = 7320677C169C00DE00BAE816 /* FEMBandwidthOptimize.m */; };
		7320CC62159970510050D3B6 /* NodeCompare.c in Sources */ = {isa = PBXBuildFile; fileRef = 7320CC61159970510050D3B6 /* NodeCompare.c */; };
		7320CC66159C6B9D0050D3B6 /* SIOMeshIO.m in Sources */ = {isa = PBXBuildFile; fileRef = 7320CC65159C6B9D0050D3B6 /* SIOMeshIO.m */; };
		7323550C17F4162400AAC8CA /* FEMHeatSolution_OpenCL.m in Sources */ = {isa = PBXBuildFile; fileRef = 7323550B17F4162400AAC8CA /* FEMHeatSolution_OpenCL.m */; };
		73275A3913C2BD0D006EC4BA /* Utils.c in Sources */ = {isa = PBXBuildFile; fileRef = 73275A3713C2BD0D006EC4BA /* Utils.c */; };
		73281C6414D2898100854B7D /* FEMPrecondition.m in Sources */ = {isa = PBXBuildFile; fileRef = 73281C6314D2898100854B7D /* FEMPrecondition.m */; };
		7328669615C2744B000E1128 /* FEMVariable.m in Sources */ = {isa = PBXBuildFile; fileRef = 7328669515C2744B000E1128 /* FEMVariable.m */; };
		7332A9C6153E8E6500D81D30 /* FEMListUtilities.m in Sources */ = {isa = PBXBuildFile; fileRef = 7332A9C5153E8E6500D81D30 /* FEMListUtilities.m */; };
		73355E761510745100F959D8 /* FEMTimeIntegration.m in Sources */ = {isa = PBXBuildFile; fileRef = 73355E751510745100F959D8 /* FEMTimeIntegration.m */; };
		733F0EE81765A87700D24664 /* FEMIterativeMethods.m in Sources */ = {isa = PBXBuildFile; fileRef = 733F0EE71765A87700D24664 /* FEMIterativeMethods.m */; };
		73456A711521A137003054EB /* FEMBoundaryCondition.m in Sources */ = {isa = PBXBuildFile; fileRef = 73456A701521A137003054EB /* FEMBoundaryCondition.m */; };
		73456ECD14ECDBDC00ECD602 /* FEMHUTIter.m in Sources */ = {isa = PBXBuildFile; fileRef = 73456ECC14ECDBDC00ECD602 /* FEMHUTIter.m */; };
		734BC2C2152D326900AEE0E4 /* FEMElementDescription.m in Sources */ = {isa = PBXBuildFile; fileRef = 734BC2C1152D326900AEE0E4 /* FEMElementDescription.m */; };
		73505DD013C1BD0600B1C043 /* NodalBasisFunctions.c in Sources */ = {isa = PBXBuildFile; fileRef = 73505DCE13C1BD0600B1C043 /* NodalBasisFunctions.c */; };
		7361A15814C69E6F006C2FA2 /* FEMModel.m in Sources */ = {isa = PBXBuildFile; fileRef = 7361A15714C69E6F006C2FA2 /* FEMModel.m */; };
		7361A15B14C6A084006C2FA2 /* FEMSolution.m in Sources */ = {isa = PBXBuildFile; fileRef = 7361A15A14C6A084006C2FA2 /* FEMSolution.m */; };
		736DF3BC15BD38DD00D702C7 /* FEMMatrix.m in Sources */ = {isa = PBXBuildFile; fileRef = 736DF3BB15BD38DD00D702C7 /* FEMMatrix.m */; };
		73702BEC15EC5E240056C80E /* FEMMeshUtils.m in Sources */ = {isa = PBXBuildFile; fileRef = 73702BEB15EC5E240056C80E /* FEMMeshUtils.m */; };
		7372925415AA879E004532B5 /* SIOInfoParallel.m in Sources */ = {isa = PBXBuildFile; fileRef = 7372925315AA879E004532B5 /* SIOInfoParallel.m */; };
		7372A5F815495CF400A1D6FB /* FEMSimulation.m in Sources */ = {isa = PBXBuildFile; fileRef = 7372A5F715495CF400A1D6FB /* FEMSimulation.m */; };
		737B0D7514E2274B00ED409D /* TimeProfile.c in Sources */ = {isa = PBXBuildFile; fileRef = 737B0D7414E2274B00ED409D /* TimeProfile.c */; };
		737CCFCB1683F5EA00A94486 /* FEMBoundary.m in Sources */ = {isa = PBXBuildFile; fileRef = 737CCFCA1683F5E800A94486 /* FEMBoundary.m */; };
		73803A7B13AB5EA50036350E /* FEMNumericIntegration.m in Sources */ = {isa = PBXBuildFile; fileRef = 73803A7A13AB5EA50036350E /* FEMNumericIntegration.m */; };
		73844CF1175C38370002DA9D /* FEMRadiation.m in Sources */ = {isa = PBXBuildFile; fileRef = 73844CF0175C38370002DA9D /* FEMRadiation.m */; };
		73882CB3151C483600B11665 /* FEMMatrixCRS.m in Sources */ = {isa = PBXBuildFile; fileRef = 73882CB2151C483600B11665 /* FEMMatrixCRS.m */; };
		73882CB7151C73F000B11665 /* FEMMatrixBand.m in Sources */ = {isa = PBXBuildFile; fileRef = 73882CB6151C73F000B11665 /* FEMMatrixBand.m */; };
		738BC1A416F06EB800EDFA6B /* FEMInitialConditions.m in Sources */ = {isa = PBXBuildFile; fileRef = 738BC1A316F06EB800EDFA6B /* FEMInitialConditions.m */; };
		738CA3D017699396007F9ADB /* FEMMaterialModels.m in Sources */ = {isa = PBXBuildFile; fileRef = 738CA3CF17699396007F9ADB /* FEMMaterialModels.m */; };
		7396D183157863F500626765 /* FEMLinearAlgebra.m in Sources */ = {isa = PBXBuildFile; fileRef = 7396D182157863F500626765 /* FEMLinearAlgebra.m */; };
		739A5684157DE092003E549C /* FEMElementsDefinition.m in Sources */ = {isa = PBXBuildFile; fileRef = 739A5683157DE092003E549C /* FEMElementsDefinition.m */; };
		739B4141189F7DF700F3F266 /* Accelerate.framework in Frameworks */ = {isa = PBXBuildFile; fileRef = 739B4140189F7DF700F3F266 /* Accelerate.framework */; };
		739B4142189F7F4000F3F266 /* NSDataExtensions.m in Sources */ = {isa = PBXBuildFile; fileRef = 73ADFAD015945343009A83C6 /* NSDataExtensions.m */; };
		739B4143189F7F4000F3F266 /* DirectoryReader.m in Sources */ = {isa = PBXBuildFile; fileRef = 73ADFAD31594560F009A83C6 /* DirectoryReader.m */; };
		739B4144189F7F4000F3F266 /* FileReader.m in Sources */ = {isa = PBXBuildFile; fileRef = 73ADFACD1594525A009A83C6 /* FileReader.m */; };
		739B4145189F7F4000F3F266 /* SIOInfoParallel.m in Sources */ = {isa = PBXBuildFile; fileRef = 7372925315AA879E004532B5 /* SIOInfoParallel.m */; };
		739B4146189F7F4000F3F266 /* NodeCompare.c in Sources */ = {isa = PBXBuildFile; fileRef = 7320CC61159970510050D3B6 /* NodeCompare.c */; };
		739B4147189F7F4000F3F266 /* SIOModelManager.m in Sources */ = {isa = PBXBuildFile; fileRef = 73A06CC615919DC5009FC87E /* SIOModelManager.m */; };
		739B4148189F7F4000F3F266 /* SIOMeshAgent.m in Sources */ = {isa = PBXBuildFile; fileRef = 73ADFABD1592D52F009A83C6 /* SIOMeshAgent.m */; };
		739B4149189F7F4000F3F266 /* SIOMeshIO.m in Sources */ = {isa = PBXBuildFile; fileRef = 7320CC65159C6B9D0050D3B6 /* SIOMeshIO.m */; };
		739B414A189F7F4000F3F266 /* FEMHUTIter.m in Sources */ = {isa = PBXBuildFile; fileRef = 73456ECC14ECDBDC00ECD602 /* FEMHUTIter.m */; };
		739B414B189F7F4000F3F266 /* FEMTimeIntegration.m in Sources */ = {isa = PBXBuildFile; fileRef = 73355E751510745100F959D8 /* FEMTimeIntegration.m */; };
		739B414C189F7F4000F3F266 /* FEMMatrix.m in Sources */ = {isa = PBXBuildFile; fileRef = 736DF3BB15BD38DD00D702C7 /* FEMMatrix.m */; };
		739B414D189F7F4000F3F266 /* FEMVariable.m in Sources */ = {isa = PBXBuildFile; fileRef = 7328669515C2744B000E1128 /* FEMVariable.m */; };
		739B414E189F7F4000F3F266 /* FEMProjector.m in Sources */ = {isa = PBXBuildFile; fileRef = 73A56C4215D3D27D00227A1D /* FEMProjector.m */; };
		739B414F189F7F4000F3F266 /* FEMPElementMaps.m in Sources */ = {isa = PBXBuildFile; fileRef = 73BBD72615DB8AC700B5735D /* FEMPElementMaps.m */; };
		739B4150189F7F4000F3F266 /* FEMElementsDefinition.m in Sources */ = {isa = PBXBuildFile; fileRef = 739A5683157DE092003E549C /* FEMElementsDefinition.m */; };
		739B4151189F7F4000F3F266 /* FEMLinearAlgebra.m in Sources */ = {isa = PBXBuildFile; fileRef = 7396D182157863F500626765 /* FEMLinearAlgebra.m */; };
		739B4152189F7F4000F3F266 /* FEMInterpolation.m in Sources */ = {isa = PBXBuildFile; fileRef = 7316B30216144DC800A8C23C /* FEMInterpolation.m */; };
		739B4153189F7F4000F3F266 /* FEMUtilities.m in Sources */ = {isa = PBXBuildFile; fileRef = 73F70A6D1513467C00A5B3B5 /* FEMUtilities.m */; };
		739B4154189F7F4000F3F266 /* FEMValueList.m in Sources */ = {isa = PBXBuildFile; fileRef = 73F70A6715130C5E00A5B3B5 /* FEMValueList.m */; };
		739B4155189F7F4000F3F266 /* FEMListUtilities.m in Sources */ = {isa = PBXBuildFile; fileRef = 7332A9C5153E8E6500D81D30 /* FEMListUtilities.m */; };
		739B4156189F7F4000F3F266 /* FEMBodyForce.m in Sources */ = {isa = PBXBuildFile; fileRef = 73F70A6A1513247500A5B3B5 /* FEMBodyForce.m */; };
		739B4157189F7F4000F3F266 /* FEMBoundaryCondition.m in Sources */ = {isa = PBXBuildFile; fileRef = 73456A701521A137003054EB /* FEMBoundaryCondition.m */; };
		739B4158189F7F4000F3F266 /* FEMBoundary.m in Sources */ = {isa = PBXBuildFile; fileRef = 737CCFCA1683F5E800A94486 /* FEMBoundary.m */; };
		739B4159189F7F4000F3F266 /* FEMSimulation.m in Sources */ = {isa = PBXBuildFile; fileRef = 7372A5F715495CF400A1D6FB /* FEMSimulation.m */; };
		739B415A189F7F4000F3F266 /* FEMEquation.m in Sources */ = {isa = PBXBuildFile; fileRef = 73F0090C15D90D57004B7DCE /* FEMEquation.m */; };
		739B415B189F7F4000F3F266 /* FEMInitialConditions.m in Sources */ = {isa = PBXBuildFile; fileRef = 738BC1A316F06EB800EDFA6B /* FEMInitialConditions.m */; };
		739B415C189F7F4000F3F266 /* FEMConstants.m in Sources */ = {isa = PBXBuildFile; fileRef = 73F2D7EB173A1DDA0070D7C0 /* FEMConstants.m */; };
		739B415D189F7F4000F3F266 /* FEMMaterial.m in Sources */ = {isa = PBXBuildFile; fileRef = 73D1FAED1745DA8700D4E5C9 /* FEMMaterial.m */; };
		739B415E189F7F4000F3F266 /* FEMMeshUtils.m in Sources */ = {isa = PBXBuildFile; fileRef = 73702BEB15EC5E240056C80E /* FEMMeshUtils.m */; };
		739B415F189F7F4000F3F266 /* FEMElementUtils.m in Sources */ = {isa = PBXBuildFile; fileRef = 73206775168D7D9700BAE816 /* FEMElementUtils.m */; };
		739B4160189F7F4000F3F266 /* FEMListMatrix.m in Sources */ = {isa = PBXBuildFile; fileRef = 73206779169A6EA800BAE816 /* FEMListMatrix.m */; };
		739B4161189F7F4000F3F266 /* FEMBandwidthOptimize.m in Sources */ = {isa = PBXBuildFile; fileRef = 7320677C169C00DE00BAE816 /* FEMBandwidthOptimize.m */; };
		739B4162189F7F4000F3F266 /* FEMCoordinateSystems.m in Sources */ = {isa = PBXBuildFile; fileRef = 73F45234174F0C1000A94149 /* FEMCoordinateSystems.m */; };
		739B4163189F7F4000F3F266 /* FEMPost.m in Sources */ = {isa = PBXBuildFile; fileRef = 73B1B272170570550056322B /* FEMPost.m */; };
		739B4164189F7F4000F3F266 /* FEMRadiation.m in Sources */ = {isa = PBXBuildFile; fileRef = 73844CF0175C38370002DA9D /* FEMRadiation.m */; };
		739B4165189F7F4000F3F266 /* FEMIterativeMethods.m in Sources */ = {isa = PBXBuildFile; fileRef = 733F0EE71765A87700D24664 /* FEMIterativeMethods.m */; };
		739B4166189F7F4000F3F266 /* FEMMaterialModels.m in Sources */ = {isa = PBXBuildFile; fileRef = 738CA3CF17699396007F9ADB /* FEMMaterialModels.m */; };
		739B4167189F7F4000F3F266 /* FEMDifferentials.m in Sources */ = {isa = PBXBuildFile; fileRef = 73167EFD177058D8003A1A20 /* FEMDifferentials.m */; };
		739B4168189F7F4000F3F266 /* FEMParallelMPI.m in Sources */ = {isa = PBXBuildFile; fileRef = 7308738F1509F5BF001DE27F /* FEMParallelMPI.m */; };
		739B4169189F7F4000F3F266 /* FEMSolution.m in Sources */ = {isa = PBXBuildFile; fileRef = 7361A15A14C6A084006C2FA2 /* FEMSolution.m */; };
		739B416A189F7F4000F3F266 /* FEMMatrixCRS.m in Sources */ = {isa = PBXBuildFile; fileRef = 73882CB2151C483600B11665 /* FEMMatrixCRS.m */; };
		739B416B189F7F4000F3F266 /* FEMMatrixBand.m in Sources */ = {isa = PBXBuildFile; fileRef = 73882CB6151C73F000B11665 /* FEMMatrixBand.m */; };
		739B416C189F7F4000F3F266 /* FEMPrecondition.m in Sources */ = {isa = PBXBuildFile; fileRef = 73281C6314D2898100854B7D /* FEMPrecondition.m */; };
		739B416D189F7F4000F3F266 /* FEMMesh.m in Sources */ = {isa = PBXBuildFile; fileRef = 7315515C1358615D004CCD09 /* FEMMesh.m */; };
		739B416E189F7F4000F3F266 /* FEMElementDescription.m in Sources */ = {isa = PBXBuildFile; fileRef = 734BC2C1152D326900AEE0E4 /* FEMElementDescription.m */; };
		739B416F189F7F4000F3F266 /* FEMNumericIntegration.m in Sources */ = {isa = PBXBuildFile; fileRef = 73803A7A13AB5EA50036350E /* FEMNumericIntegration.m */; };
		739B4170189F7F4000F3F266 /* FEMModel.m in Sources */ = {isa = PBXBuildFile; fileRef = 7361A15714C69E6F006C2FA2 /* FEMModel.m */; };
		739B4171189F7F4000F3F266 /* FEMCore.m in Sources */ = {isa = PBXBuildFile; fileRef = 7315515813586108004CCD09 /* FEMCore.m */; };
		739B4172189F7F4100F3F266 /* FEMJob.m in Sources */ = {isa = PBXBuildFile; fileRef = 73DB203115D3A951006C5F1C /* FEMJob.m */; };
		739B4173189F7F4100F3F266 /* FEMDiffuseConvectiveAnisotropic.m in Sources */ = {isa = PBXBuildFile; fileRef = 73D0F11C175DBC0F00CE3326 /* FEMDiffuseConvectiveAnisotropic.m */; };
		739B4174189F7F4100F3F266 /* FEMDiffuseConvectiveGeneralAnisotropic.m in Sources */ = {isa = PBXBuildFile; fileRef = 73D0F11F175DD03200CE3326 /* FEMDiffuseConvectiveGeneralAnisotropic.m */; };
		739B4175189F7F4100F3F266 /* FEMFlowSolution.m in Sources */ = {isa = PBXBuildFile; fileRef = 73DFEE5E16F33D280081A3A4 /* FEMFlowSolution.m */; };
		739B4176189F7F4100F3F266 /* FEMMagneticInductionSolution.m in Sources */ = {isa = PBXBuildFile; fileRef = 73EE3A9516F808E30054B7AE /* FEMMagneticInductionSolution.m */; };
		739B4177189F7F4100F3F266 /* FEMStressAnalysisSolution.m in Sources */ = {isa = PBXBuildFile; fileRef = 73EE3A9816F809640054B7AE /* FEMStressAnalysisSolution.m */; };
		739B4178189F7F4100F3F266 /* FEMMeshUpdateSolution.m in Sources */ = {isa = PBXBuildFile; fileRef = 73EE3A9B16F809A60054B7AE /* FEMMeshUpdateSolution.m */; };
		739B4179189F7F4100F3F266 /* FEMHeatSolution.m in Sources */ = {isa = PBXBuildFile; fileRef = 73EE3A9E16F809E50054B7AE /* FEMHeatSolution.m */; };
		739B417A189F7F9800F3F266 /* Constructors.c in Sources */ = {isa = PBXBuildFile; fileRef = 73DE8B1B16B2627000DA2D7D /* Constructors.c */; };
		739B417B189F7F9800F3F266 /* TimeProfile.c in Sources */ = {isa = PBXBuildFile; fileRef = 737B0D7414E2274B00ED409D /* TimeProfile.c */; };
		739B417C189F7F9800F3F266 /* memory.c in Sources */ = {isa = PBXBuildFile; fileRef = 73F2105414E3D41000D52906 /* memory.c */; };
		739B417D189F7F9800F3F266 /* Utils.c in Sources */ = {isa = PBXBuildFile; fileRef = 73275A3713C2BD0D006EC4BA /* Utils.c */; };
		739B417E189F7F9800F3F266 /* Numerics.c in Sources */ = {isa = PBXBuildFile; fileRef = 73059E42186BD5F8008B5E44 /* Numerics.c */; };
		739B417F189F7F9800F3F266 /* GaussIntegration.c in Sources */ = {isa = PBXBuildFile; fileRef = 73ED563413AA10BB00F088CC /* GaussIntegration.c */; };
		739B4180189F7F9800F3F266 /* NodalBasisFunctions.c in Sources */ = {isa = PBXBuildFile; fileRef = 73505DCE13C1BD0600B1C043 /* NodalBasisFunctions.c */; };
		739B4181189F7F9800F3F266 /* Lists.c in Sources */ = {isa = PBXBuildFile; fileRef = 73A4696815076F8500BDDEA6 /* Lists.c */; };
		739B4182189F7FED00F3F266 /* FEMHeatSolution_OpenCL.m in Sources */ = {isa = PBXBuildFile; fileRef = 7323550B17F4162400AAC8CA /* FEMHeatSolution_OpenCL.m */; };
		739B4183189F800100F3F266 /* OpenCL.framework in Frameworks */ = {isa = PBXBuildFile; fileRef = 73051E2D17F2B582001861D8 /* OpenCL.framework */; };
		739B4184189F803C00F3F266 /* OpenCLUtils.c in Sources */ = {isa = PBXBuildFile; fileRef = 73E6B57C181A55AE00D3AB31 /* OpenCLUtils.c */; };
		73A06CC715919DC5009FC87E /* SIOModelManager.m in Sources */ = {isa = PBXBuildFile; fileRef = 73A06CC615919DC5009FC87E /* SIOModelManager.m */; };
		73A4696915076F8500BDDEA6 /* Lists.c in Sources */ = {isa = PBXBuildFile; fileRef = 73A4696815076F8500BDDEA6 /* Lists.c */; };
		73A56C4315D3D27D00227A1D /* FEMProjector.m in Sources */ = {isa = PBXBuildFile; fileRef = 73A56C4215D3D27D00227A1D /* FEMProjector.m */; };
		73ADFABE1592D52F009A83C6 /* SIOMeshAgent.m in Sources */ = {isa = PBXBuildFile; fileRef = 73ADFABD1592D52F009A83C6 /* SIOMeshAgent.m */; };
		73ADFACE1594525A009A83C6 /* FileReader.m in Sources */ = {isa = PBXBuildFile; fileRef = 73ADFACD1594525A009A83C6 /* FileReader.m */; };
		73ADFAD115945343009A83C6 /* NSDataExtensions.m in Sources */ = {isa = PBXBuildFile; fileRef = 73ADFAD015945343009A83C6 /* NSDataExtensions.m */; };
		73ADFAD41594560F009A83C6 /* DirectoryReader.m in Sources */ = {isa = PBXBuildFile; fileRef = 73ADFAD31594560F009A83C6 /* DirectoryReader.m */; };
		73B1B273170570550056322B /* FEMPost.m in Sources */ = {isa = PBXBuildFile; fileRef = 73B1B272170570550056322B /* FEMPost.m */; };
		73BAD5561911E1470037E58A /* FEMNavierStokes.m in Sources */ = {isa = PBXBuildFile; fileRef = 73BAD5551911E1470037E58A /* FEMNavierStokes.m */; };
		73BBD72715DB8AC700B5735D /* FEMPElementMaps.m in Sources */ = {isa = PBXBuildFile; fileRef = 73BBD72615DB8AC700B5735D /* FEMPElementMaps.m */; };
		73C494FD192EED3200F36146 /* Walls.c in Sources */ = {isa = PBXBuildFile; fileRef = 73C494FC192EED3200F36146 /* Walls.c */; };
		73D0F11D175DBC0F00CE3326 /* FEMDiffuseConvectiveAnisotropic.m in Sources */ = {isa = PBXBuildFile; fileRef = 73D0F11C175DBC0F00CE3326 /* FEMDiffuseConvectiveAnisotropic.m */; };
		73D0F120175DD03200CE3326 /* FEMDiffuseConvectiveGeneralAnisotropic.m in Sources */ = {isa = PBXBuildFile; fileRef = 73D0F11F175DD03200CE3326 /* FEMDiffuseConvectiveGeneralAnisotropic.m */; };
		73D1FAEE1745DA8700D4E5C9 /* FEMMaterial.m in Sources */ = {isa = PBXBuildFile; fileRef = 73D1FAED1745DA8700D4E5C9 /* FEMMaterial.m */; };
		73DB203215D3A951006C5F1C /* FEMJob.m in Sources */ = {isa = PBXBuildFile; fileRef = 73DB203115D3A951006C5F1C /* FEMJob.m */; };
		73DE8B1C16B2627000DA2D7D /* Constructors.c in Sources */ = {isa = PBXBuildFile; fileRef = 73DE8B1B16B2627000DA2D7D /* Constructors.c */; };
		73DFEE5F16F33D280081A3A4 /* FEMFlowSolution.m in Sources */ = {isa = PBXBuildFile; fileRef = 73DFEE5E16F33D280081A3A4 /* FEMFlowSolution.m */; };
		73E6B577181A4E0900D3AB31 /* heatSolutiomAssemblyKernel.cl in Sources */ = {isa = PBXBuildFile; fileRef = 73E6B576181A4E0900D3AB31 /* heatSolutiomAssemblyKernel.cl */; };
		73E6B57D181A55AE00D3AB31 /* OpenCLUtils.c in Sources */ = {isa = PBXBuildFile; fileRef = 73E6B57C181A55AE00D3AB31 /* OpenCLUtils.c */; };
		73E717B4189B493700C68DD8 /* testListUtilities.m in Sources */ = {isa = PBXBuildFile; fileRef = 73E717B3189B493700C68DD8 /* testListUtilities.m */; };
		73ED563613AA10BB00F088CC /* GaussIntegration.c in Sources */ = {isa = PBXBuildFile; fileRef = 73ED563413AA10BB00F088CC /* GaussIntegration.c */; };
		73EE3A9616F808E30054B7AE /* FEMMagneticInductionSolution.m in Sources */ = {isa = PBXBuildFile; fileRef = 73EE3A9516F808E30054B7AE /* FEMMagneticInductionSolution.m */; };
		73EE3A9916F809640054B7AE /* FEMStressAnalysisSolution.m in Sources */ = {isa = PBXBuildFile; fileRef = 73EE3A9816F809640054B7AE /* FEMStressAnalysisSolution.m */; };
		73EE3A9C16F809A60054B7AE /* FEMMeshUpdateSolution.m in Sources */ = {isa = PBXBuildFile; fileRef = 73EE3A9B16F809A60054B7AE /* FEMMeshUpdateSolution.m */; };
		73EE3A9F16F809E50054B7AE /* FEMHeatSolution.m in Sources */ = {isa = PBXBuildFile; fileRef = 73EE3A9E16F809E50054B7AE /* FEMHeatSolution.m */; };
		73F0090D15D90D57004B7DCE /* FEMEquation.m in Sources */ = {isa = PBXBuildFile; fileRef = 73F0090C15D90D57004B7DCE /* FEMEquation.m */; };
		73F2105514E3D41000D52906 /* memory.c in Sources */ = {isa = PBXBuildFile; fileRef = 73F2105414E3D41000D52906 /* memory.c */; };
		73F2D7EC173A1DDA0070D7C0 /* FEMConstants.m in Sources */ = {isa = PBXBuildFile; fileRef = 73F2D7EB173A1DDA0070D7C0 /* FEMConstants.m */; };
		73F45235174F0C1000A94149 /* FEMCoordinateSystems.m in Sources */ = {isa = PBXBuildFile; fileRef = 73F45234174F0C1000A94149 /* FEMCoordinateSystems.m */; };
		73F70A6815130C5E00A5B3B5 /* FEMValueList.m in Sources */ = {isa = PBXBuildFile; fileRef = 73F70A6715130C5E00A5B3B5 /* FEMValueList.m */; };
		73F70A6B1513247500A5B3B5 /* FEMBodyForce.m in Sources */ = {isa = PBXBuildFile; fileRef = 73F70A6A1513247500A5B3B5 /* FEMBodyForce.m */; };
		73F70A6E1513467C00A5B3B5 /* FEMUtilities.m in Sources */ = {isa = PBXBuildFile; fileRef = 73F70A6D1513467C00A5B3B5 /* FEMUtilities.m */; };
/* End PBXBuildFile section */

/* Begin PBXContainerItemProxy section */
		7315514013583FFD004CCD09 /* PBXContainerItemProxy */ = {
			isa = PBXContainerItemProxy;
			containerPortal = 7315511413583FFD004CCD09 /* Project object */;
			proxyType = 1;
			remoteGlobalIDString = 7315511C13583FFD004CCD09;
			remoteInfo = Saino;
		};
/* End PBXContainerItemProxy section */

/* Begin PBXFileReference section */
		7301FA201520120500451A49 /* sainoReport.pages */ = {isa = PBXFileReference; lastKnownFileType = wrapper; name = sainoReport.pages; path = docs/sainoReport.pages; sourceTree = SOURCE_ROOT; };
		73051E2D17F2B582001861D8 /* OpenCL.framework */ = {isa = PBXFileReference; lastKnownFileType = wrapper.framework; name = OpenCL.framework; path = System/Library/Frameworks/OpenCL.framework; sourceTree = SDKROOT; };
		73059E42186BD5F8008B5E44 /* Numerics.c */ = {isa = PBXFileReference; fileEncoding = 4; lastKnownFileType = sourcecode.c.c; path = Numerics.c; sourceTree = "<group>"; };
		7308738E1509F5BF001DE27F /* FEMParallelMPI.h */ = {isa = PBXFileReference; fileEncoding = 4; lastKnownFileType = sourcecode.c.h; path = FEMParallelMPI.h; sourceTree = "<group>"; };
		7308738F1509F5BF001DE27F /* FEMParallelMPI.m */ = {isa = PBXFileReference; fileEncoding = 4; lastKnownFileType = sourcecode.c.objc; path = FEMParallelMPI.m; sourceTree = "<group>"; };
		7310B08913B0BCD100F5E96B /* Accelerate.framework */ = {isa = PBXFileReference; lastKnownFileType = wrapper.framework; name = Accelerate.framework; path = /System/Library/Frameworks/Accelerate.framework; sourceTree = "<absolute>"; };
		7315511D13583FFD004CCD09 /* Saino.app */ = {isa = PBXFileReference; explicitFileType = wrapper.application; includeInIndex = 0; path = Saino.app; sourceTree = BUILT_PRODUCTS_DIR; };
		7315512113583FFD004CCD09 /* Cocoa.framework */ = {isa = PBXFileReference; lastKnownFileType = wrapper.framework; name = Cocoa.framework; path = System/Library/Frameworks/Cocoa.framework; sourceTree = SDKROOT; };
		7315512413583FFD004CCD09 /* AppKit.framework */ = {isa = PBXFileReference; lastKnownFileType = wrapper.framework; name = AppKit.framework; path = System/Library/Frameworks/AppKit.framework; sourceTree = SDKROOT; };
		7315512513583FFD004CCD09 /* CoreData.framework */ = {isa = PBXFileReference; lastKnownFileType = wrapper.framework; name = CoreData.framework; path = System/Library/Frameworks/CoreData.framework; sourceTree = SDKROOT; };
		7315512613583FFD004CCD09 /* Foundation.framework */ = {isa = PBXFileReference; lastKnownFileType = wrapper.framework; name = Foundation.framework; path = System/Library/Frameworks/Foundation.framework; sourceTree = SDKROOT; };
		7315512913583FFD004CCD09 /* Saino-Info.plist */ = {isa = PBXFileReference; lastKnownFileType = text.plist.xml; path = "Saino-Info.plist"; sourceTree = "<group>"; };
		7315512B13583FFD004CCD09 /* en */ = {isa = PBXFileReference; lastKnownFileType = text.plist.strings; name = en; path = en.lproj/InfoPlist.strings; sourceTree = "<group>"; };
		7315512D13583FFD004CCD09 /* Saino-Prefix.pch */ = {isa = PBXFileReference; lastKnownFileType = sourcecode.c.h; path = "Saino-Prefix.pch"; sourceTree = "<group>"; };
		7315512E13583FFD004CCD09 /* main.m */ = {isa = PBXFileReference; lastKnownFileType = sourcecode.c.objc; path = main.m; sourceTree = "<group>"; };
		7315513113583FFD004CCD09 /* en */ = {isa = PBXFileReference; lastKnownFileType = text.rtf; name = en; path = en.lproj/Credits.rtf; sourceTree = "<group>"; };
		7315513313583FFD004CCD09 /* SainoAppDelegate.h */ = {isa = PBXFileReference; lastKnownFileType = sourcecode.c.h; path = SainoAppDelegate.h; sourceTree = "<group>"; };
		7315513413583FFD004CCD09 /* SainoAppDelegate.m */ = {isa = PBXFileReference; lastKnownFileType = sourcecode.c.objc; path = SainoAppDelegate.m; sourceTree = "<group>"; };
		7315513713583FFD004CCD09 /* en */ = {isa = PBXFileReference; lastKnownFileType = file.xib; name = en; path = en.lproj/MainMenu.xib; sourceTree = "<group>"; };
		7315513E13583FFD004CCD09 /* SainoTests.xctest */ = {isa = PBXFileReference; explicitFileType = wrapper.cfbundle; includeInIndex = 0; path = SainoTests.xctest; sourceTree = BUILT_PRODUCTS_DIR; };
		7315514413583FFD004CCD09 /* SainoTests-Info.plist */ = {isa = PBXFileReference; lastKnownFileType = text.plist.xml; path = "SainoTests-Info.plist"; sourceTree = "<group>"; };
		7315514613583FFD004CCD09 /* en */ = {isa = PBXFileReference; lastKnownFileType = text.plist.strings; name = en; path = en.lproj/InfoPlist.strings; sourceTree = "<group>"; };
		7315514813583FFD004CCD09 /* SainoTests-Prefix.pch */ = {isa = PBXFileReference; lastKnownFileType = sourcecode.c.h; path = "SainoTests-Prefix.pch"; sourceTree = "<group>"; };
		7315514913583FFD004CCD09 /* SainoTests.h */ = {isa = PBXFileReference; lastKnownFileType = sourcecode.c.h; path = SainoTests.h; sourceTree = "<group>"; };
		7315514B13583FFD004CCD09 /* SainoTests.m */ = {isa = PBXFileReference; lastKnownFileType = sourcecode.c.objc; path = SainoTests.m; sourceTree = "<group>"; };
		7315515713586108004CCD09 /* FEMCore.h */ = {isa = PBXFileReference; fileEncoding = 4; lastKnownFileType = sourcecode.c.h; path = FEMCore.h; sourceTree = "<group>"; };
		7315515813586108004CCD09 /* FEMCore.m */ = {isa = PBXFileReference; fileEncoding = 4; lastKnownFileType = sourcecode.c.objc; path = FEMCore.m; sourceTree = "<group>"; };
		7315515B1358615D004CCD09 /* FEMMesh.h */ = {isa = PBXFileReference; fileEncoding = 4; lastKnownFileType = sourcecode.c.h; lineEnding = 0; path = FEMMesh.h; sourceTree = "<group>"; };
		7315515C1358615D004CCD09 /* FEMMesh.m */ = {isa = PBXFileReference; fileEncoding = 4; lastKnownFileType = sourcecode.c.objc; lineEnding = 0; path = FEMMesh.m; sourceTree = "<group>"; xcLanguageSpecificationIdentifier = xcode.lang.objc; };
		73167EFC177058D8003A1A20 /* FEMDifferentials.h */ = {isa = PBXFileReference; fileEncoding = 4; lastKnownFileType = sourcecode.c.h; path = FEMDifferentials.h; sourceTree = "<group>"; };
		73167EFD177058D8003A1A20 /* FEMDifferentials.m */ = {isa = PBXFileReference; fileEncoding = 4; lastKnownFileType = sourcecode.c.objc; path = FEMDifferentials.m; sourceTree = "<group>"; };
		7316B30116144DC800A8C23C /* FEMInterpolation.h */ = {isa = PBXFileReference; fileEncoding = 4; lastKnownFileType = sourcecode.c.h; path = FEMInterpolation.h; sourceTree = "<group>"; };
		7316B30216144DC800A8C23C /* FEMInterpolation.m */ = {isa = PBXFileReference; fileEncoding = 4; lastKnownFileType = sourcecode.c.objc; path = FEMInterpolation.m; sourceTree = "<group>"; };
		73206774168D7D9700BAE816 /* FEMElementUtils.h */ = {isa = PBXFileReference; fileEncoding = 4; lastKnownFileType = sourcecode.c.h; path = FEMElementUtils.h; sourceTree = "<group>"; };
		73206775168D7D9700BAE816 /* FEMElementUtils.m */ = {isa = PBXFileReference; fileEncoding = 4; lastKnownFileType = sourcecode.c.objc; path = FEMElementUtils.m; sourceTree = "<group>"; };
		73206778169A6EA800BAE816 /* FEMListMatrix.h */ = {isa = PBXFileReference; fileEncoding = 4; lastKnownFileType = sourcecode.c.h; path = FEMListMatrix.h; sourceTree = "<group>"; };
		73206779169A6EA800BAE816 /* FEMListMatrix.m */ = {isa = PBXFileReference; fileEncoding = 4; lastKnownFileType = sourcecode.c.objc; path = FEMListMatrix.m; sourceTree = "<group>"; };
		7320677B169C00DE00BAE816 /* FEMBandwidthOptimize.h */ = {isa = PBXFileReference; fileEncoding = 4; lastKnownFileType = sourcecode.c.h; path = FEMBandwidthOptimize.h; sourceTree = "<group>"; };
		7320677C169C00DE00BAE816 /* FEMBandwidthOptimize.m */ = {isa = PBXFileReference; fileEncoding = 4; lastKnownFileType = sourcecode.c.objc; path = FEMBandwidthOptimize.m; sourceTree = "<group>"; };
		7320CC61159970510050D3B6 /* NodeCompare.c */ = {isa = PBXFileReference; fileEncoding = 4; lastKnownFileType = sourcecode.c.c; path = NodeCompare.c; sourceTree = "<group>"; };
		7320CC63159970680050D3B6 /* NodeCompare.h */ = {isa = PBXFileReference; lastKnownFileType = sourcecode.c.h; path = NodeCompare.h; sourceTree = "<group>"; };
		7320CC64159C6B9C0050D3B6 /* SIOMeshIO.h */ = {isa = PBXFileReference; fileEncoding = 4; lastKnownFileType = sourcecode.c.h; path = SIOMeshIO.h; sourceTree = "<group>"; };
		7320CC65159C6B9D0050D3B6 /* SIOMeshIO.m */ = {isa = PBXFileReference; fileEncoding = 4; lastKnownFileType = sourcecode.c.objc; path = SIOMeshIO.m; sourceTree = "<group>"; };
		7323550A17F4162400AAC8CA /* FEMHeatSolution_OpenCL.h */ = {isa = PBXFileReference; fileEncoding = 4; lastKnownFileType = sourcecode.c.h; path = FEMHeatSolution_OpenCL.h; sourceTree = "<group>"; };
		7323550B17F4162400AAC8CA /* FEMHeatSolution_OpenCL.m */ = {isa = PBXFileReference; fileEncoding = 4; lastKnownFileType = sourcecode.c.objc; path = FEMHeatSolution_OpenCL.m; sourceTree = "<group>"; };
		73275A3713C2BD0D006EC4BA /* Utils.c */ = {isa = PBXFileReference; fileEncoding = 4; lastKnownFileType = sourcecode.c.c; path = Utils.c; sourceTree = "<group>"; };
		73275A3813C2BD0D006EC4BA /* Utils.h */ = {isa = PBXFileReference; fileEncoding = 4; lastKnownFileType = sourcecode.c.h; path = Utils.h; sourceTree = "<group>"; };
		73281C6214D2898100854B7D /* FEMPrecondition.h */ = {isa = PBXFileReference; fileEncoding = 4; lastKnownFileType = sourcecode.c.h; path = FEMPrecondition.h; sourceTree = "<group>"; };
		73281C6314D2898100854B7D /* FEMPrecondition.m */ = {isa = PBXFileReference; fileEncoding = 4; lastKnownFileType = sourcecode.c.objc; path = FEMPrecondition.m; sourceTree = "<group>"; };
		7328669415C2744B000E1128 /* FEMVariable.h */ = {isa = PBXFileReference; fileEncoding = 4; lastKnownFileType = sourcecode.c.h; path = FEMVariable.h; sourceTree = "<group>"; };
		7328669515C2744B000E1128 /* FEMVariable.m */ = {isa = PBXFileReference; fileEncoding = 4; lastKnownFileType = sourcecode.c.objc; path = FEMVariable.m; sourceTree = "<group>"; };
		7332A9C4153E8E6500D81D30 /* FEMListUtilities.h */ = {isa = PBXFileReference; fileEncoding = 4; lastKnownFileType = sourcecode.c.h; path = FEMListUtilities.h; sourceTree = "<group>"; };
		7332A9C5153E8E6500D81D30 /* FEMListUtilities.m */ = {isa = PBXFileReference; fileEncoding = 4; lastKnownFileType = sourcecode.c.objc; path = FEMListUtilities.m; sourceTree = "<group>"; };
		73355E741510745100F959D8 /* FEMTimeIntegration.h */ = {isa = PBXFileReference; fileEncoding = 4; lastKnownFileType = sourcecode.c.h; path = FEMTimeIntegration.h; sourceTree = "<group>"; };
		73355E751510745100F959D8 /* FEMTimeIntegration.m */ = {isa = PBXFileReference; fileEncoding = 4; lastKnownFileType = sourcecode.c.objc; path = FEMTimeIntegration.m; sourceTree = "<group>"; };
		733F0EE61765A87700D24664 /* FEMIterativeMethods.h */ = {isa = PBXFileReference; fileEncoding = 4; lastKnownFileType = sourcecode.c.h; path = FEMIterativeMethods.h; sourceTree = "<group>"; };
		733F0EE71765A87700D24664 /* FEMIterativeMethods.m */ = {isa = PBXFileReference; fileEncoding = 4; lastKnownFileType = sourcecode.c.objc; path = FEMIterativeMethods.m; sourceTree = "<group>"; };
		73456A6F1521A137003054EB /* FEMBoundaryCondition.h */ = {isa = PBXFileReference; fileEncoding = 4; lastKnownFileType = sourcecode.c.h; path = FEMBoundaryCondition.h; sourceTree = "<group>"; };
		73456A701521A137003054EB /* FEMBoundaryCondition.m */ = {isa = PBXFileReference; fileEncoding = 4; lastKnownFileType = sourcecode.c.objc; path = FEMBoundaryCondition.m; sourceTree = "<group>"; };
		73456ECB14ECDBDC00ECD602 /* FEMHUTIter.h */ = {isa = PBXFileReference; fileEncoding = 4; lastKnownFileType = sourcecode.c.h; path = FEMHUTIter.h; sourceTree = "<group>"; };
		73456ECC14ECDBDC00ECD602 /* FEMHUTIter.m */ = {isa = PBXFileReference; fileEncoding = 4; lastKnownFileType = sourcecode.c.objc; path = FEMHUTIter.m; sourceTree = "<group>"; };
		73456ECE14ECE22C00ECD602 /* huti_defs.h */ = {isa = PBXFileReference; fileEncoding = 4; lastKnownFileType = sourcecode.c.h; path = huti_defs.h; sourceTree = "<group>"; };
		73456ED214ECF84E00ECD602 /* hutidoc.pdf */ = {isa = PBXFileReference; lastKnownFileType = image.pdf; name = hutidoc.pdf; path = docs/hutidoc.pdf; sourceTree = SOURCE_ROOT; };
		734BC2C0152D326800AEE0E4 /* FEMElementDescription.h */ = {isa = PBXFileReference; fileEncoding = 4; lastKnownFileType = sourcecode.c.h; path = FEMElementDescription.h; sourceTree = "<group>"; };
		734BC2C1152D326900AEE0E4 /* FEMElementDescription.m */ = {isa = PBXFileReference; fileEncoding = 4; lastKnownFileType = sourcecode.c.objc; path = FEMElementDescription.m; sourceTree = "<group>"; };
		73505DCE13C1BD0600B1C043 /* NodalBasisFunctions.c */ = {isa = PBXFileReference; fileEncoding = 4; lastKnownFileType = sourcecode.c.c; lineEnding = 0; path = NodalBasisFunctions.c; sourceTree = "<group>"; xcLanguageSpecificationIdentifier = xcode.lang.c; };
		73505DCF13C1BD0600B1C043 /* NodalBasisFunctions.h */ = {isa = PBXFileReference; fileEncoding = 4; lastKnownFileType = sourcecode.c.h; lineEnding = 0; path = NodalBasisFunctions.h; sourceTree = "<group>"; xcLanguageSpecificationIdentifier = xcode.lang.objcpp; };
		7361A15614C69E6F006C2FA2 /* FEMModel.h */ = {isa = PBXFileReference; fileEncoding = 4; lastKnownFileType = sourcecode.c.h; path = FEMModel.h; sourceTree = "<group>"; };
		7361A15714C69E6F006C2FA2 /* FEMModel.m */ = {isa = PBXFileReference; fileEncoding = 4; lastKnownFileType = sourcecode.c.objc; path = FEMModel.m; sourceTree = "<group>"; };
		7361A15914C6A084006C2FA2 /* FEMSolution.h */ = {isa = PBXFileReference; fileEncoding = 4; lastKnownFileType = sourcecode.c.h; path = FEMSolution.h; sourceTree = "<group>"; };
		7361A15A14C6A084006C2FA2 /* FEMSolution.m */ = {isa = PBXFileReference; fileEncoding = 4; lastKnownFileType = sourcecode.c.objc; path = FEMSolution.m; sourceTree = "<group>"; };
		736AFC2B1360115200144B03 /* memory.h */ = {isa = PBXFileReference; fileEncoding = 4; lastKnownFileType = sourcecode.c.h; path = memory.h; sourceTree = "<group>"; };
		736C02E513BC6C0900979806 /* Constructors.h */ = {isa = PBXFileReference; fileEncoding = 4; lastKnownFileType = sourcecode.c.h; path = Constructors.h; sourceTree = "<group>"; };
		736DF3BA15BD38DD00D702C7 /* FEMMatrix.h */ = {isa = PBXFileReference; fileEncoding = 4; lastKnownFileType = sourcecode.c.h; path = FEMMatrix.h; sourceTree = "<group>"; };
		736DF3BB15BD38DD00D702C7 /* FEMMatrix.m */ = {isa = PBXFileReference; fileEncoding = 4; lastKnownFileType = sourcecode.c.objc; path = FEMMatrix.m; sourceTree = "<group>"; };
		73702BEA15EC5E240056C80E /* FEMMeshUtils.h */ = {isa = PBXFileReference; fileEncoding = 4; lastKnownFileType = sourcecode.c.h; path = FEMMeshUtils.h; sourceTree = "<group>"; };
		73702BEB15EC5E240056C80E /* FEMMeshUtils.m */ = {isa = PBXFileReference; fileEncoding = 4; lastKnownFileType = sourcecode.c.objc; path = FEMMeshUtils.m; sourceTree = "<group>"; };
		7372925215AA879E004532B5 /* SIOInfoParallel.h */ = {isa = PBXFileReference; fileEncoding = 4; lastKnownFileType = sourcecode.c.h; path = SIOInfoParallel.h; sourceTree = "<group>"; };
		7372925315AA879E004532B5 /* SIOInfoParallel.m */ = {isa = PBXFileReference; fileEncoding = 4; lastKnownFileType = sourcecode.c.objc; path = SIOInfoParallel.m; sourceTree = "<group>"; };
		7372A5F615495CF400A1D6FB /* FEMSimulation.h */ = {isa = PBXFileReference; fileEncoding = 4; lastKnownFileType = sourcecode.c.h; path = FEMSimulation.h; sourceTree = "<group>"; };
		7372A5F715495CF400A1D6FB /* FEMSimulation.m */ = {isa = PBXFileReference; fileEncoding = 4; lastKnownFileType = sourcecode.c.objc; path = FEMSimulation.m; sourceTree = "<group>"; };
		737B0D7414E2274B00ED409D /* TimeProfile.c */ = {isa = PBXFileReference; fileEncoding = 4; lastKnownFileType = sourcecode.c.c; path = TimeProfile.c; sourceTree = "<group>"; };
		737B0D7614E2281E00ED409D /* TimeProfile.h */ = {isa = PBXFileReference; fileEncoding = 4; lastKnownFileType = sourcecode.c.h; path = TimeProfile.h; sourceTree = "<group>"; };
		737CCFC91683F5E800A94486 /* FEMBoundary.h */ = {isa = PBXFileReference; fileEncoding = 4; lastKnownFileType = sourcecode.c.h; path = FEMBoundary.h; sourceTree = "<group>"; };
		737CCFCA1683F5E800A94486 /* FEMBoundary.m */ = {isa = PBXFileReference; fileEncoding = 4; lastKnownFileType = sourcecode.c.objc; path = FEMBoundary.m; sourceTree = "<group>"; };
		73803A7913AB5EA50036350E /* FEMNumericIntegration.h */ = {isa = PBXFileReference; fileEncoding = 4; lastKnownFileType = sourcecode.c.h; path = FEMNumericIntegration.h; sourceTree = "<group>"; };
		73803A7A13AB5EA50036350E /* FEMNumericIntegration.m */ = {isa = PBXFileReference; fileEncoding = 4; lastKnownFileType = sourcecode.c.objc; path = FEMNumericIntegration.m; sourceTree = "<group>"; };
		73844CEF175C38370002DA9D /* FEMRadiation.h */ = {isa = PBXFileReference; fileEncoding = 4; lastKnownFileType = sourcecode.c.h; path = FEMRadiation.h; sourceTree = "<group>"; };
		73844CF0175C38370002DA9D /* FEMRadiation.m */ = {isa = PBXFileReference; fileEncoding = 4; lastKnownFileType = sourcecode.c.objc; path = FEMRadiation.m; sourceTree = "<group>"; };
		73882CB1151C483600B11665 /* FEMMatrixCRS.h */ = {isa = PBXFileReference; fileEncoding = 4; lastKnownFileType = sourcecode.c.h; path = FEMMatrixCRS.h; sourceTree = "<group>"; };
		73882CB2151C483600B11665 /* FEMMatrixCRS.m */ = {isa = PBXFileReference; fileEncoding = 4; lastKnownFileType = sourcecode.c.objc; path = FEMMatrixCRS.m; sourceTree = "<group>"; };
		73882CB5151C73F000B11665 /* FEMMatrixBand.h */ = {isa = PBXFileReference; fileEncoding = 4; lastKnownFileType = sourcecode.c.h; path = FEMMatrixBand.h; sourceTree = "<group>"; };
		73882CB6151C73F000B11665 /* FEMMatrixBand.m */ = {isa = PBXFileReference; fileEncoding = 4; lastKnownFileType = sourcecode.c.objc; path = FEMMatrixBand.m; sourceTree = "<group>"; };
		738BC1A216F06EB800EDFA6B /* FEMInitialConditions.h */ = {isa = PBXFileReference; fileEncoding = 4; lastKnownFileType = sourcecode.c.h; path = FEMInitialConditions.h; sourceTree = "<group>"; };
		738BC1A316F06EB800EDFA6B /* FEMInitialConditions.m */ = {isa = PBXFileReference; fileEncoding = 4; lastKnownFileType = sourcecode.c.objc; path = FEMInitialConditions.m; sourceTree = "<group>"; };
		738CA3CE17699396007F9ADB /* FEMMaterialModels.h */ = {isa = PBXFileReference; fileEncoding = 4; lastKnownFileType = sourcecode.c.h; path = FEMMaterialModels.h; sourceTree = "<group>"; };
		738CA3CF17699396007F9ADB /* FEMMaterialModels.m */ = {isa = PBXFileReference; fileEncoding = 4; lastKnownFileType = sourcecode.c.objc; path = FEMMaterialModels.m; sourceTree = "<group>"; };
		7396D181157863F500626765 /* FEMLinearAlgebra.h */ = {isa = PBXFileReference; fileEncoding = 4; lastKnownFileType = sourcecode.c.h; path = FEMLinearAlgebra.h; sourceTree = "<group>"; };
		7396D182157863F500626765 /* FEMLinearAlgebra.m */ = {isa = PBXFileReference; fileEncoding = 4; lastKnownFileType = sourcecode.c.objc; path = FEMLinearAlgebra.m; sourceTree = "<group>"; };
		739A5682157DE092003E549C /* FEMElementsDefinition.h */ = {isa = PBXFileReference; fileEncoding = 4; lastKnownFileType = sourcecode.c.h; path = FEMElementsDefinition.h; sourceTree = "<group>"; };
		739A5683157DE092003E549C /* FEMElementsDefinition.m */ = {isa = PBXFileReference; fileEncoding = 4; lastKnownFileType = sourcecode.c.objc; path = FEMElementsDefinition.m; sourceTree = "<group>"; };
		739B4140189F7DF700F3F266 /* Accelerate.framework */ = {isa = PBXFileReference; lastKnownFileType = wrapper.framework; name = Accelerate.framework; path = System/Library/Frameworks/Accelerate.framework; sourceTree = SDKROOT; };
		73A06CC515919DC5009FC87E /* SIOModelManager.h */ = {isa = PBXFileReference; fileEncoding = 4; lastKnownFileType = sourcecode.c.h; path = SIOModelManager.h; sourceTree = "<group>"; };
		73A06CC615919DC5009FC87E /* SIOModelManager.m */ = {isa = PBXFileReference; fileEncoding = 4; lastKnownFileType = sourcecode.c.objc; path = SIOModelManager.m; sourceTree = "<group>"; };
		73A4696815076F8500BDDEA6 /* Lists.c */ = {isa = PBXFileReference; fileEncoding = 4; lastKnownFileType = sourcecode.c.c; path = Lists.c; sourceTree = "<group>"; };
		73A4696B15076F9200BDDEA6 /* Lists.h */ = {isa = PBXFileReference; lastKnownFileType = sourcecode.c.h; path = Lists.h; sourceTree = "<group>"; };
		73A56C4115D3D27D00227A1D /* FEMProjector.h */ = {isa = PBXFileReference; fileEncoding = 4; lastKnownFileType = sourcecode.c.h; path = FEMProjector.h; sourceTree = "<group>"; };
		73A56C4215D3D27D00227A1D /* FEMProjector.m */ = {isa = PBXFileReference; fileEncoding = 4; lastKnownFileType = sourcecode.c.objc; path = FEMProjector.m; sourceTree = "<group>"; };
		73ADFABC1592D52F009A83C6 /* SIOMeshAgent.h */ = {isa = PBXFileReference; fileEncoding = 4; lastKnownFileType = sourcecode.c.h; path = SIOMeshAgent.h; sourceTree = "<group>"; };
		73ADFABD1592D52F009A83C6 /* SIOMeshAgent.m */ = {isa = PBXFileReference; fileEncoding = 4; lastKnownFileType = sourcecode.c.objc; path = SIOMeshAgent.m; sourceTree = "<group>"; };
		73ADFAC01592FEA1009A83C6 /* sio_config.h */ = {isa = PBXFileReference; lastKnownFileType = sourcecode.c.h; path = sio_config.h; sourceTree = "<group>"; };
		73ADFACC1594525A009A83C6 /* FileReader.h */ = {isa = PBXFileReference; fileEncoding = 4; lastKnownFileType = sourcecode.c.h; path = FileReader.h; sourceTree = "<group>"; };
		73ADFACD1594525A009A83C6 /* FileReader.m */ = {isa = PBXFileReference; fileEncoding = 4; lastKnownFileType = sourcecode.c.objc; path = FileReader.m; sourceTree = "<group>"; };
		73ADFACF15945343009A83C6 /* NSDataExtensions.h */ = {isa = PBXFileReference; fileEncoding = 4; lastKnownFileType = sourcecode.c.h; path = NSDataExtensions.h; sourceTree = "<group>"; };
		73ADFAD015945343009A83C6 /* NSDataExtensions.m */ = {isa = PBXFileReference; fileEncoding = 4; lastKnownFileType = sourcecode.c.objc; path = NSDataExtensions.m; sourceTree = "<group>"; };
		73ADFAD21594560F009A83C6 /* DirectoryReader.h */ = {isa = PBXFileReference; fileEncoding = 4; lastKnownFileType = sourcecode.c.h; path = DirectoryReader.h; sourceTree = "<group>"; };
		73ADFAD31594560F009A83C6 /* DirectoryReader.m */ = {isa = PBXFileReference; fileEncoding = 4; lastKnownFileType = sourcecode.c.objc; path = DirectoryReader.m; sourceTree = "<group>"; };
		73B1B271170570550056322B /* FEMPost.h */ = {isa = PBXFileReference; fileEncoding = 4; lastKnownFileType = sourcecode.c.h; path = FEMPost.h; sourceTree = "<group>"; };
		73B1B272170570550056322B /* FEMPost.m */ = {isa = PBXFileReference; fileEncoding = 4; lastKnownFileType = sourcecode.c.objc; path = FEMPost.m; sourceTree = "<group>"; };
		73BAD5541911E1470037E58A /* FEMNavierStokes.h */ = {isa = PBXFileReference; fileEncoding = 4; lastKnownFileType = sourcecode.c.h; path = FEMNavierStokes.h; sourceTree = "<group>"; };
		73BAD5551911E1470037E58A /* FEMNavierStokes.m */ = {isa = PBXFileReference; fileEncoding = 4; lastKnownFileType = sourcecode.c.objc; path = FEMNavierStokes.m; sourceTree = "<group>"; };
		73BBD72515DB8AC700B5735D /* FEMPElementMaps.h */ = {isa = PBXFileReference; fileEncoding = 4; lastKnownFileType = sourcecode.c.h; path = FEMPElementMaps.h; sourceTree = "<group>"; };
		73BBD72615DB8AC700B5735D /* FEMPElementMaps.m */ = {isa = PBXFileReference; fileEncoding = 4; lastKnownFileType = sourcecode.c.objc; path = FEMPElementMaps.m; sourceTree = "<group>"; };
		73C494FC192EED3200F36146 /* Walls.c */ = {isa = PBXFileReference; fileEncoding = 4; lastKnownFileType = sourcecode.c.c; path = Walls.c; sourceTree = "<group>"; };
		73C494FE192EED4900F36146 /* Walls.h */ = {isa = PBXFileReference; lastKnownFileType = sourcecode.c.h; path = Walls.h; sourceTree = "<group>"; };
		73D0F11B175DBC0F00CE3326 /* FEMDiffuseConvectiveAnisotropic.h */ = {isa = PBXFileReference; fileEncoding = 4; lastKnownFileType = sourcecode.c.h; path = FEMDiffuseConvectiveAnisotropic.h; sourceTree = "<group>"; };
		73D0F11C175DBC0F00CE3326 /* FEMDiffuseConvectiveAnisotropic.m */ = {isa = PBXFileReference; fileEncoding = 4; lastKnownFileType = sourcecode.c.objc; path = FEMDiffuseConvectiveAnisotropic.m; sourceTree = "<group>"; };
		73D0F11E175DD03200CE3326 /* FEMDiffuseConvectiveGeneralAnisotropic.h */ = {isa = PBXFileReference; fileEncoding = 4; lastKnownFileType = sourcecode.c.h; path = FEMDiffuseConvectiveGeneralAnisotropic.h; sourceTree = "<group>"; };
		73D0F11F175DD03200CE3326 /* FEMDiffuseConvectiveGeneralAnisotropic.m */ = {isa = PBXFileReference; fileEncoding = 4; lastKnownFileType = sourcecode.c.objc; path = FEMDiffuseConvectiveGeneralAnisotropic.m; sourceTree = "<group>"; };
		73D1FAEC1745DA8700D4E5C9 /* FEMMaterial.h */ = {isa = PBXFileReference; fileEncoding = 4; lastKnownFileType = sourcecode.c.h; path = FEMMaterial.h; sourceTree = "<group>"; };
		73D1FAED1745DA8700D4E5C9 /* FEMMaterial.m */ = {isa = PBXFileReference; fileEncoding = 4; lastKnownFileType = sourcecode.c.objc; path = FEMMaterial.m; sourceTree = "<group>"; };
		73DB203015D3A951006C5F1C /* FEMJob.h */ = {isa = PBXFileReference; fileEncoding = 4; lastKnownFileType = sourcecode.c.h; path = FEMJob.h; sourceTree = "<group>"; };
		73DB203115D3A951006C5F1C /* FEMJob.m */ = {isa = PBXFileReference; fileEncoding = 4; lastKnownFileType = sourcecode.c.objc; path = FEMJob.m; sourceTree = "<group>"; };
		73DE8B1B16B2627000DA2D7D /* Constructors.c */ = {isa = PBXFileReference; fileEncoding = 4; lastKnownFileType = sourcecode.c.c; path = Constructors.c; sourceTree = "<group>"; };
		73DFEE5C16F33B790081A3A4 /* SainoSolutionsComputer.h */ = {isa = PBXFileReference; lastKnownFileType = sourcecode.c.h; path = SainoSolutionsComputer.h; sourceTree = "<group>"; };
		73DFEE5D16F33D280081A3A4 /* FEMFlowSolution.h */ = {isa = PBXFileReference; fileEncoding = 4; lastKnownFileType = sourcecode.c.h; path = FEMFlowSolution.h; sourceTree = "<group>"; };
		73DFEE5E16F33D280081A3A4 /* FEMFlowSolution.m */ = {isa = PBXFileReference; fileEncoding = 4; lastKnownFileType = sourcecode.c.objc; path = FEMFlowSolution.m; sourceTree = "<group>"; };
		73E6B576181A4E0900D3AB31 /* heatSolutiomAssemblyKernel.cl */ = {isa = PBXFileReference; fileEncoding = 4; lastKnownFileType = sourcecode.opencl; path = heatSolutiomAssemblyKernel.cl; sourceTree = "<group>"; };
		73E6B57B181A556400D3AB31 /* OpenCLUtils.h */ = {isa = PBXFileReference; lastKnownFileType = sourcecode.c.h; path = OpenCLUtils.h; sourceTree = "<group>"; };
		73E6B57C181A55AE00D3AB31 /* OpenCLUtils.c */ = {isa = PBXFileReference; fileEncoding = 4; lastKnownFileType = sourcecode.c.c; path = OpenCLUtils.c; sourceTree = "<group>"; };
		73E717B3189B493700C68DD8 /* testListUtilities.m */ = {isa = PBXFileReference; fileEncoding = 4; lastKnownFileType = sourcecode.c.objc; path = testListUtilities.m; sourceTree = "<group>"; };
		73ED563413AA10BB00F088CC /* GaussIntegration.c */ = {isa = PBXFileReference; fileEncoding = 4; lastKnownFileType = sourcecode.c.c; path = GaussIntegration.c; sourceTree = "<group>"; };
		73ED563513AA10BB00F088CC /* GaussIntegration.h */ = {isa = PBXFileReference; fileEncoding = 4; lastKnownFileType = sourcecode.c.h; lineEnding = 0; path = GaussIntegration.h; sourceTree = "<group>"; xcLanguageSpecificationIdentifier = xcode.lang.objcpp; };
		73ED563713AA16F200F088CC /* Numerics.h */ = {isa = PBXFileReference; fileEncoding = 4; lastKnownFileType = sourcecode.c.h; lineEnding = 0; path = Numerics.h; sourceTree = "<group>"; xcLanguageSpecificationIdentifier = xcode.lang.objcpp; };
		73EE3A9416F808E30054B7AE /* FEMMagneticInductionSolution.h */ = {isa = PBXFileReference; fileEncoding = 4; lastKnownFileType = sourcecode.c.h; path = FEMMagneticInductionSolution.h; sourceTree = "<group>"; };
		73EE3A9516F808E30054B7AE /* FEMMagneticInductionSolution.m */ = {isa = PBXFileReference; fileEncoding = 4; lastKnownFileType = sourcecode.c.objc; path = FEMMagneticInductionSolution.m; sourceTree = "<group>"; };
		73EE3A9716F809640054B7AE /* FEMStressAnalysisSolution.h */ = {isa = PBXFileReference; fileEncoding = 4; lastKnownFileType = sourcecode.c.h; path = FEMStressAnalysisSolution.h; sourceTree = "<group>"; };
		73EE3A9816F809640054B7AE /* FEMStressAnalysisSolution.m */ = {isa = PBXFileReference; fileEncoding = 4; lastKnownFileType = sourcecode.c.objc; path = FEMStressAnalysisSolution.m; sourceTree = "<group>"; };
		73EE3A9A16F809A60054B7AE /* FEMMeshUpdateSolution.h */ = {isa = PBXFileReference; fileEncoding = 4; lastKnownFileType = sourcecode.c.h; path = FEMMeshUpdateSolution.h; sourceTree = "<group>"; };
		73EE3A9B16F809A60054B7AE /* FEMMeshUpdateSolution.m */ = {isa = PBXFileReference; fileEncoding = 4; lastKnownFileType = sourcecode.c.objc; path = FEMMeshUpdateSolution.m; sourceTree = "<group>"; };
		73EE3A9D16F809E50054B7AE /* FEMHeatSolution.h */ = {isa = PBXFileReference; fileEncoding = 4; lastKnownFileType = sourcecode.c.h; path = FEMHeatSolution.h; sourceTree = "<group>"; };
		73EE3A9E16F809E50054B7AE /* FEMHeatSolution.m */ = {isa = PBXFileReference; fileEncoding = 4; lastKnownFileType = sourcecode.c.objc; path = FEMHeatSolution.m; sourceTree = "<group>"; };
		73F0090B15D90D57004B7DCE /* FEMEquation.h */ = {isa = PBXFileReference; fileEncoding = 4; lastKnownFileType = sourcecode.c.h; path = FEMEquation.h; sourceTree = "<group>"; };
		73F0090C15D90D57004B7DCE /* FEMEquation.m */ = {isa = PBXFileReference; fileEncoding = 4; lastKnownFileType = sourcecode.c.objc; path = FEMEquation.m; sourceTree = "<group>"; };
		73F2105414E3D41000D52906 /* memory.c */ = {isa = PBXFileReference; fileEncoding = 4; lastKnownFileType = sourcecode.c.c; path = memory.c; sourceTree = "<group>"; };
		73F2D7EA173A1DDA0070D7C0 /* FEMConstants.h */ = {isa = PBXFileReference; fileEncoding = 4; lastKnownFileType = sourcecode.c.h; path = FEMConstants.h; sourceTree = "<group>"; };
		73F2D7EB173A1DDA0070D7C0 /* FEMConstants.m */ = {isa = PBXFileReference; fileEncoding = 4; lastKnownFileType = sourcecode.c.objc; path = FEMConstants.m; sourceTree = "<group>"; };
		73F45233174F0C1000A94149 /* FEMCoordinateSystems.h */ = {isa = PBXFileReference; fileEncoding = 4; lastKnownFileType = sourcecode.c.h; path = FEMCoordinateSystems.h; sourceTree = "<group>"; };
		73F45234174F0C1000A94149 /* FEMCoordinateSystems.m */ = {isa = PBXFileReference; fileEncoding = 4; lastKnownFileType = sourcecode.c.objc; path = FEMCoordinateSystems.m; sourceTree = "<group>"; };
		73F70A6615130C5E00A5B3B5 /* FEMValueList.h */ = {isa = PBXFileReference; fileEncoding = 4; lastKnownFileType = sourcecode.c.h; path = FEMValueList.h; sourceTree = "<group>"; };
		73F70A6715130C5E00A5B3B5 /* FEMValueList.m */ = {isa = PBXFileReference; fileEncoding = 4; lastKnownFileType = sourcecode.c.objc; path = FEMValueList.m; sourceTree = "<group>"; };
		73F70A691513247500A5B3B5 /* FEMBodyForce.h */ = {isa = PBXFileReference; fileEncoding = 4; lastKnownFileType = sourcecode.c.h; path = FEMBodyForce.h; sourceTree = "<group>"; };
		73F70A6A1513247500A5B3B5 /* FEMBodyForce.m */ = {isa = PBXFileReference; fileEncoding = 4; lastKnownFileType = sourcecode.c.objc; path = FEMBodyForce.m; sourceTree = "<group>"; };
		73F70A6C1513467C00A5B3B5 /* FEMUtilities.h */ = {isa = PBXFileReference; fileEncoding = 4; lastKnownFileType = sourcecode.c.h; path = FEMUtilities.h; sourceTree = "<group>"; };
		73F70A6D1513467C00A5B3B5 /* FEMUtilities.m */ = {isa = PBXFileReference; fileEncoding = 4; lastKnownFileType = sourcecode.c.objc; path = FEMUtilities.m; sourceTree = "<group>"; };
/* End PBXFileReference section */

/* Begin PBXFrameworksBuildPhase section */
		7315511A13583FFD004CCD09 /* Frameworks */ = {
			isa = PBXFrameworksBuildPhase;
			buildActionMask = 2147483647;
			files = (
				73051E2E17F2B582001861D8 /* OpenCL.framework in Frameworks */,
				7315512213583FFD004CCD09 /* Cocoa.framework in Frameworks */,
				7310B08A13B0BCD100F5E96B /* Accelerate.framework in Frameworks */,
			);
			runOnlyForDeploymentPostprocessing = 0;
		};
		7315513A13583FFD004CCD09 /* Frameworks */ = {
			isa = PBXFrameworksBuildPhase;
			buildActionMask = 2147483647;
			files = (
				739B4183189F800100F3F266 /* OpenCL.framework in Frameworks */,
				739B4141189F7DF700F3F266 /* Accelerate.framework in Frameworks */,
				7315513F13583FFD004CCD09 /* Cocoa.framework in Frameworks */,
			);
			runOnlyForDeploymentPostprocessing = 0;
		};
/* End PBXFrameworksBuildPhase section */

/* Begin PBXGroup section */
		7300EC5615B90FC6001D9116 /* Saino Constructor classes */ = {
			isa = PBXGroup;
			children = (
				736DF3BA15BD38DD00D702C7 /* FEMMatrix.h */,
				736DF3BB15BD38DD00D702C7 /* FEMMatrix.m */,
				7328669415C2744B000E1128 /* FEMVariable.h */,
				7328669515C2744B000E1128 /* FEMVariable.m */,
				73A56C4115D3D27D00227A1D /* FEMProjector.h */,
				73A56C4215D3D27D00227A1D /* FEMProjector.m */,
			);
			name = "Saino Constructor classes";
			sourceTree = "<group>";
		};
		73051E2F17F2D4E4001861D8 /* OpenCL kernels */ = {
			isa = PBXGroup;
			children = (
				73E6B576181A4E0900D3AB31 /* heatSolutiomAssemblyKernel.cl */,
			);
			name = "OpenCL kernels";
			sourceTree = "<group>";
		};
		7315511213583FFD004CCD09 = {
			isa = PBXGroup;
			children = (
				7315512713583FFD004CCD09 /* Saino */,
				7315514213583FFD004CCD09 /* SainoTests */,
				7315512013583FFD004CCD09 /* Frameworks */,
				7315511E13583FFD004CCD09 /* Products */,
			);
			sourceTree = "<group>";
		};
		7315511E13583FFD004CCD09 /* Products */ = {
			isa = PBXGroup;
			children = (
				7315511D13583FFD004CCD09 /* Saino.app */,
				7315513E13583FFD004CCD09 /* SainoTests.xctest */,
			);
			name = Products;
			sourceTree = "<group>";
		};
		7315512013583FFD004CCD09 /* Frameworks */ = {
			isa = PBXGroup;
			children = (
				739B4140189F7DF700F3F266 /* Accelerate.framework */,
				73051E2D17F2B582001861D8 /* OpenCL.framework */,
				7315512113583FFD004CCD09 /* Cocoa.framework */,
				7315512313583FFD004CCD09 /* Other Frameworks */,
			);
			name = Frameworks;
			sourceTree = "<group>";
		};
		7315512313583FFD004CCD09 /* Other Frameworks */ = {
			isa = PBXGroup;
			children = (
				7310B08913B0BCD100F5E96B /* Accelerate.framework */,
				7315512413583FFD004CCD09 /* AppKit.framework */,
				7315512513583FFD004CCD09 /* CoreData.framework */,
				7315512613583FFD004CCD09 /* Foundation.framework */,
			);
			name = "Other Frameworks";
			sourceTree = "<group>";
		};
		7315512713583FFD004CCD09 /* Saino */ = {
			isa = PBXGroup;
			children = (
				73456ED114ECF82C00ECD602 /* Docs */,
				7315515A1358610F004CCD09 /* FEM Classes */,
				7323550917F3D67F00AAC8CA /* OpenCL Based Solutions */,
				73051E2F17F2D4E4001861D8 /* OpenCL kernels */,
				73155155135848B4004CCD09 /* Low level C routines */,
				7315513313583FFD004CCD09 /* SainoAppDelegate.h */,
				7315513413583FFD004CCD09 /* SainoAppDelegate.m */,
				7315513613583FFD004CCD09 /* MainMenu.xib */,
				7315512813583FFD004CCD09 /* Supporting Files */,
			);
			path = Saino;
			sourceTree = "<group>";
		};
		7315512813583FFD004CCD09 /* Supporting Files */ = {
			isa = PBXGroup;
			children = (
				7315512913583FFD004CCD09 /* Saino-Info.plist */,
				7315512A13583FFD004CCD09 /* InfoPlist.strings */,
				7315512D13583FFD004CCD09 /* Saino-Prefix.pch */,
				7315512E13583FFD004CCD09 /* main.m */,
				7315513013583FFD004CCD09 /* Credits.rtf */,
			);
			name = "Supporting Files";
			sourceTree = "<group>";
		};
		7315514213583FFD004CCD09 /* SainoTests */ = {
			isa = PBXGroup;
			children = (
				73E717B3189B493700C68DD8 /* testListUtilities.m */,
				7315514913583FFD004CCD09 /* SainoTests.h */,
				7315514B13583FFD004CCD09 /* SainoTests.m */,
				7315514313583FFD004CCD09 /* Supporting Files */,
			);
			path = SainoTests;
			sourceTree = "<group>";
		};
		7315514313583FFD004CCD09 /* Supporting Files */ = {
			isa = PBXGroup;
			children = (
				7315514413583FFD004CCD09 /* SainoTests-Info.plist */,
				7315514513583FFD004CCD09 /* InfoPlist.strings */,
				7315514813583FFD004CCD09 /* SainoTests-Prefix.pch */,
			);
			name = "Supporting Files";
			sourceTree = "<group>";
		};
		73155155135848B4004CCD09 /* Low level C routines */ = {
			isa = PBXGroup;
			children = (
				736C02E513BC6C0900979806 /* Constructors.h */,
				73DE8B1B16B2627000DA2D7D /* Constructors.c */,
				737B0D7614E2281E00ED409D /* TimeProfile.h */,
				737B0D7414E2274B00ED409D /* TimeProfile.c */,
				736AFC2B1360115200144B03 /* memory.h */,
				73F2105414E3D41000D52906 /* memory.c */,
				73275A3813C2BD0D006EC4BA /* Utils.h */,
				73275A3713C2BD0D006EC4BA /* Utils.c */,
				73ED563713AA16F200F088CC /* Numerics.h */,
				73059E42186BD5F8008B5E44 /* Numerics.c */,
				73ED563513AA10BB00F088CC /* GaussIntegration.h */,
				73ED563413AA10BB00F088CC /* GaussIntegration.c */,
				73505DCF13C1BD0600B1C043 /* NodalBasisFunctions.h */,
				73505DCE13C1BD0600B1C043 /* NodalBasisFunctions.c */,
				73A4696B15076F9200BDDEA6 /* Lists.h */,
				73A4696815076F8500BDDEA6 /* Lists.c */,
				73E6B57B181A556400D3AB31 /* OpenCLUtils.h */,
				73E6B57C181A55AE00D3AB31 /* OpenCLUtils.c */,
				73C494FE192EED4900F36146 /* Walls.h */,
				73C494FC192EED3200F36146 /* Walls.c */,
			);
			name = "Low level C routines";
			sourceTree = "<group>";
		};
		7315515A1358610F004CCD09 /* FEM Classes */ = {
			isa = PBXGroup;
			children = (
				73ADFACB15945240009A83C6 /* Readers */,
				73A06CC31591826B009FC87E /* SIO */,
				73456EC914ECDB0200ECD602 /* HUTIter */,
				73355E721510743100F959D8 /* Time integration */,
				7300EC5615B90FC6001D9116 /* Saino Constructor classes */,
				73F70A641512EDE000A5B3B5 /* Class utilities */,
				7308738E1509F5BF001DE27F /* FEMParallelMPI.h */,
				7308738F1509F5BF001DE27F /* FEMParallelMPI.m */,
				7361A15914C6A084006C2FA2 /* FEMSolution.h */,
				7361A15A14C6A084006C2FA2 /* FEMSolution.m */,
				73882CB1151C483600B11665 /* FEMMatrixCRS.h */,
				73882CB2151C483600B11665 /* FEMMatrixCRS.m */,
				73882CB5151C73F000B11665 /* FEMMatrixBand.h */,
				73882CB6151C73F000B11665 /* FEMMatrixBand.m */,
				73281C6214D2898100854B7D /* FEMPrecondition.h */,
				73281C6314D2898100854B7D /* FEMPrecondition.m */,
				7315515B1358615D004CCD09 /* FEMMesh.h */,
				7315515C1358615D004CCD09 /* FEMMesh.m */,
				734BC2C0152D326800AEE0E4 /* FEMElementDescription.h */,
				734BC2C1152D326900AEE0E4 /* FEMElementDescription.m */,
				73803A7913AB5EA50036350E /* FEMNumericIntegration.h */,
				73803A7A13AB5EA50036350E /* FEMNumericIntegration.m */,
				7361A15614C69E6F006C2FA2 /* FEMModel.h */,
				7361A15714C69E6F006C2FA2 /* FEMModel.m */,
				7315515713586108004CCD09 /* FEMCore.h */,
				7315515813586108004CCD09 /* FEMCore.m */,
				73DB203015D3A951006C5F1C /* FEMJob.h */,
				73DB203115D3A951006C5F1C /* FEMJob.m */,
				73DFEE5B16F327F30081A3A4 /* Solutions */,
			);
			name = "FEM Classes";
			sourceTree = "<group>";
		};
		7323550917F3D67F00AAC8CA /* OpenCL Based Solutions */ = {
			isa = PBXGroup;
			children = (
				7323550A17F4162400AAC8CA /* FEMHeatSolution_OpenCL.h */,
				7323550B17F4162400AAC8CA /* FEMHeatSolution_OpenCL.m */,
			);
			name = "OpenCL Based Solutions";
			sourceTree = "<group>";
		};
		73355E721510743100F959D8 /* Time integration */ = {
			isa = PBXGroup;
			children = (
				73355E741510745100F959D8 /* FEMTimeIntegration.h */,
				73355E751510745100F959D8 /* FEMTimeIntegration.m */,
			);
			name = "Time integration";
			sourceTree = "<group>";
		};
		73456EC914ECDB0200ECD602 /* HUTIter */ = {
			isa = PBXGroup;
			children = (
				73456ECE14ECE22C00ECD602 /* huti_defs.h */,
				73456ECB14ECDBDC00ECD602 /* FEMHUTIter.h */,
				73456ECC14ECDBDC00ECD602 /* FEMHUTIter.m */,
			);
			name = HUTIter;
			sourceTree = "<group>";
		};
		73456ED114ECF82C00ECD602 /* Docs */ = {
			isa = PBXGroup;
			children = (
				73456ED214ECF84E00ECD602 /* hutidoc.pdf */,
				7301FA201520120500451A49 /* sainoReport.pages */,
			);
			name = Docs;
			sourceTree = "<group>";
		};
		73A06CC31591826B009FC87E /* SIO */ = {
			isa = PBXGroup;
			children = (
				73ADFAC01592FEA1009A83C6 /* sio_config.h */,
				7372925215AA879E004532B5 /* SIOInfoParallel.h */,
				7372925315AA879E004532B5 /* SIOInfoParallel.m */,
				7320CC63159970680050D3B6 /* NodeCompare.h */,
				7320CC61159970510050D3B6 /* NodeCompare.c */,
				73A06CC515919DC5009FC87E /* SIOModelManager.h */,
				73A06CC615919DC5009FC87E /* SIOModelManager.m */,
				73ADFABC1592D52F009A83C6 /* SIOMeshAgent.h */,
				73ADFABD1592D52F009A83C6 /* SIOMeshAgent.m */,
				7320CC64159C6B9C0050D3B6 /* SIOMeshIO.h */,
				7320CC65159C6B9D0050D3B6 /* SIOMeshIO.m */,
			);
			name = SIO;
			sourceTree = "<group>";
		};
		73ADFACB15945240009A83C6 /* Readers */ = {
			isa = PBXGroup;
			children = (
				73ADFACF15945343009A83C6 /* NSDataExtensions.h */,
				73ADFAD015945343009A83C6 /* NSDataExtensions.m */,
				73ADFAD21594560F009A83C6 /* DirectoryReader.h */,
				73ADFAD31594560F009A83C6 /* DirectoryReader.m */,
				73ADFACC1594525A009A83C6 /* FileReader.h */,
				73ADFACD1594525A009A83C6 /* FileReader.m */,
			);
			name = Readers;
			sourceTree = "<group>";
		};
		73D0F11A175DBAC000CE3326 /* Solutions local matrices & boundary conditions */ = {
			isa = PBXGroup;
			children = (
				73BAD5541911E1470037E58A /* FEMNavierStokes.h */,
				73BAD5551911E1470037E58A /* FEMNavierStokes.m */,
				73D0F11B175DBC0F00CE3326 /* FEMDiffuseConvectiveAnisotropic.h */,
				73D0F11C175DBC0F00CE3326 /* FEMDiffuseConvectiveAnisotropic.m */,
				73D0F11E175DD03200CE3326 /* FEMDiffuseConvectiveGeneralAnisotropic.h */,
				73D0F11F175DD03200CE3326 /* FEMDiffuseConvectiveGeneralAnisotropic.m */,
			);
			name = "Solutions local matrices & boundary conditions";
			sourceTree = "<group>";
		};
		73DFEE5B16F327F30081A3A4 /* Solutions */ = {
			isa = PBXGroup;
			children = (
				73D0F11A175DBAC000CE3326 /* Solutions local matrices & boundary conditions */,
				73DFEE5C16F33B790081A3A4 /* SainoSolutionsComputer.h */,
				73DFEE5D16F33D280081A3A4 /* FEMFlowSolution.h */,
				73DFEE5E16F33D280081A3A4 /* FEMFlowSolution.m */,
				73EE3A9416F808E30054B7AE /* FEMMagneticInductionSolution.h */,
				73EE3A9516F808E30054B7AE /* FEMMagneticInductionSolution.m */,
				73EE3A9716F809640054B7AE /* FEMStressAnalysisSolution.h */,
				73EE3A9816F809640054B7AE /* FEMStressAnalysisSolution.m */,
				73EE3A9A16F809A60054B7AE /* FEMMeshUpdateSolution.h */,
				73EE3A9B16F809A60054B7AE /* FEMMeshUpdateSolution.m */,
				73EE3A9D16F809E50054B7AE /* FEMHeatSolution.h */,
				73EE3A9E16F809E50054B7AE /* FEMHeatSolution.m */,
			);
			name = Solutions;
			sourceTree = "<group>";
		};
		73F70A641512EDE000A5B3B5 /* Class utilities */ = {
			isa = PBXGroup;
			children = (
				73BBD72515DB8AC700B5735D /* FEMPElementMaps.h */,
				73BBD72615DB8AC700B5735D /* FEMPElementMaps.m */,
				739A5682157DE092003E549C /* FEMElementsDefinition.h */,
				739A5683157DE092003E549C /* FEMElementsDefinition.m */,
				7396D181157863F500626765 /* FEMLinearAlgebra.h */,
				7396D182157863F500626765 /* FEMLinearAlgebra.m */,
				7316B30116144DC800A8C23C /* FEMInterpolation.h */,
				7316B30216144DC800A8C23C /* FEMInterpolation.m */,
				73F70A6C1513467C00A5B3B5 /* FEMUtilities.h */,
				73F70A6D1513467C00A5B3B5 /* FEMUtilities.m */,
				73F70A6615130C5E00A5B3B5 /* FEMValueList.h */,
				73F70A6715130C5E00A5B3B5 /* FEMValueList.m */,
				7332A9C4153E8E6500D81D30 /* FEMListUtilities.h */,
				7332A9C5153E8E6500D81D30 /* FEMListUtilities.m */,
				73F70A691513247500A5B3B5 /* FEMBodyForce.h */,
				73F70A6A1513247500A5B3B5 /* FEMBodyForce.m */,
				73456A6F1521A137003054EB /* FEMBoundaryCondition.h */,
				73456A701521A137003054EB /* FEMBoundaryCondition.m */,
				737CCFC91683F5E800A94486 /* FEMBoundary.h */,
				737CCFCA1683F5E800A94486 /* FEMBoundary.m */,
				7372A5F615495CF400A1D6FB /* FEMSimulation.h */,
				7372A5F715495CF400A1D6FB /* FEMSimulation.m */,
				73F0090B15D90D57004B7DCE /* FEMEquation.h */,
				73F0090C15D90D57004B7DCE /* FEMEquation.m */,
				738BC1A216F06EB800EDFA6B /* FEMInitialConditions.h */,
				738BC1A316F06EB800EDFA6B /* FEMInitialConditions.m */,
				73F2D7EA173A1DDA0070D7C0 /* FEMConstants.h */,
				73F2D7EB173A1DDA0070D7C0 /* FEMConstants.m */,
				73D1FAEC1745DA8700D4E5C9 /* FEMMaterial.h */,
				73D1FAED1745DA8700D4E5C9 /* FEMMaterial.m */,
				73702BEA15EC5E240056C80E /* FEMMeshUtils.h */,
				73702BEB15EC5E240056C80E /* FEMMeshUtils.m */,
				73206774168D7D9700BAE816 /* FEMElementUtils.h */,
				73206775168D7D9700BAE816 /* FEMElementUtils.m */,
				73206778169A6EA800BAE816 /* FEMListMatrix.h */,
				73206779169A6EA800BAE816 /* FEMListMatrix.m */,
				7320677B169C00DE00BAE816 /* FEMBandwidthOptimize.h */,
				7320677C169C00DE00BAE816 /* FEMBandwidthOptimize.m */,
				73F45233174F0C1000A94149 /* FEMCoordinateSystems.h */,
				73F45234174F0C1000A94149 /* FEMCoordinateSystems.m */,
				73B1B271170570550056322B /* FEMPost.h */,
				73B1B272170570550056322B /* FEMPost.m */,
				73844CEF175C38370002DA9D /* FEMRadiation.h */,
				73844CF0175C38370002DA9D /* FEMRadiation.m */,
				733F0EE61765A87700D24664 /* FEMIterativeMethods.h */,
				733F0EE71765A87700D24664 /* FEMIterativeMethods.m */,
				738CA3CE17699396007F9ADB /* FEMMaterialModels.h */,
				738CA3CF17699396007F9ADB /* FEMMaterialModels.m */,
				73167EFC177058D8003A1A20 /* FEMDifferentials.h */,
				73167EFD177058D8003A1A20 /* FEMDifferentials.m */,
			);
			name = "Class utilities";
			sourceTree = "<group>";
		};
/* End PBXGroup section */

/* Begin PBXNativeTarget section */
		7315511C13583FFD004CCD09 /* Saino */ = {
			isa = PBXNativeTarget;
			buildConfigurationList = 7315514F13583FFD004CCD09 /* Build configuration list for PBXNativeTarget "Saino" */;
			buildPhases = (
				7315511913583FFD004CCD09 /* Sources */,
				7315511A13583FFD004CCD09 /* Frameworks */,
				7315511B13583FFD004CCD09 /* Resources */,
			);
			buildRules = (
			);
			dependencies = (
			);
			name = Saino;
			productName = Saino;
			productReference = 7315511D13583FFD004CCD09 /* Saino.app */;
			productType = "com.apple.product-type.application";
		};
		7315513D13583FFD004CCD09 /* SainoTests */ = {
			isa = PBXNativeTarget;
			buildConfigurationList = 7315515213583FFD004CCD09 /* Build configuration list for PBXNativeTarget "SainoTests" */;
			buildPhases = (
				7315513913583FFD004CCD09 /* Sources */,
				7315513A13583FFD004CCD09 /* Frameworks */,
				7315513B13583FFD004CCD09 /* Resources */,
				7315513C13583FFD004CCD09 /* ShellScript */,
			);
			buildRules = (
			);
			dependencies = (
				7315514113583FFD004CCD09 /* PBXTargetDependency */,
			);
			name = SainoTests;
			productName = SainoTests;
			productReference = 7315513E13583FFD004CCD09 /* SainoTests.xctest */;
			productType = "com.apple.product-type.bundle.unit-test";
		};
/* End PBXNativeTarget section */

/* Begin PBXProject section */
		7315511413583FFD004CCD09 /* Project object */ = {
			isa = PBXProject;
			attributes = {
				LastUpgradeCheck = 0500;
				ORGANIZATIONNAME = "Institute of Low Temperature Science";
			};
			buildConfigurationList = 7315511713583FFD004CCD09 /* Build configuration list for PBXProject "Saino" */;
			compatibilityVersion = "Xcode 3.2";
			developmentRegion = English;
			hasScannedForEncodings = 0;
			knownRegions = (
				en,
			);
			mainGroup = 7315511213583FFD004CCD09;
			productRefGroup = 7315511E13583FFD004CCD09 /* Products */;
			projectDirPath = "";
			projectRoot = "";
			targets = (
				7315511C13583FFD004CCD09 /* Saino */,
				7315513D13583FFD004CCD09 /* SainoTests */,
			);
		};
/* End PBXProject section */

/* Begin PBXResourcesBuildPhase section */
		7315511B13583FFD004CCD09 /* Resources */ = {
			isa = PBXResourcesBuildPhase;
			buildActionMask = 2147483647;
			files = (
				7315512C13583FFD004CCD09 /* InfoPlist.strings in Resources */,
				7315513213583FFD004CCD09 /* Credits.rtf in Resources */,
				7315513813583FFD004CCD09 /* MainMenu.xib in Resources */,
			);
			runOnlyForDeploymentPostprocessing = 0;
		};
		7315513B13583FFD004CCD09 /* Resources */ = {
			isa = PBXResourcesBuildPhase;
			buildActionMask = 2147483647;
			files = (
				7315514713583FFD004CCD09 /* InfoPlist.strings in Resources */,
				7315514A13583FFD004CCD09 /* SainoTests.h in Resources */,
			);
			runOnlyForDeploymentPostprocessing = 0;
		};
/* End PBXResourcesBuildPhase section */

/* Begin PBXShellScriptBuildPhase section */
		7315513C13583FFD004CCD09 /* ShellScript */ = {
			isa = PBXShellScriptBuildPhase;
			buildActionMask = 2147483647;
			files = (
			);
			inputPaths = (
			);
			outputPaths = (
			);
			runOnlyForDeploymentPostprocessing = 0;
			shellPath = /bin/sh;
			shellScript = "# Run the unit tests in this test bundle.\n\"${SYSTEM_DEVELOPER_DIR}/Tools/RunUnitTests\"\n";
		};
/* End PBXShellScriptBuildPhase section */

/* Begin PBXSourcesBuildPhase section */
		7315511913583FFD004CCD09 /* Sources */ = {
			isa = PBXSourcesBuildPhase;
			buildActionMask = 2147483647;
			files = (
				7315512F13583FFD004CCD09 /* main.m in Sources */,
				7315513513583FFD004CCD09 /* SainoAppDelegate.m in Sources */,
				7315515913586108004CCD09 /* FEMCore.m in Sources */,
				7315515D1358615D004CCD09 /* FEMMesh.m in Sources */,
				73ED563613AA10BB00F088CC /* GaussIntegration.c in Sources */,
				73803A7B13AB5EA50036350E /* FEMNumericIntegration.m in Sources */,
				73505DD013C1BD0600B1C043 /* NodalBasisFunctions.c in Sources */,
				73275A3913C2BD0D006EC4BA /* Utils.c in Sources */,
				7361A15814C69E6F006C2FA2 /* FEMModel.m in Sources */,
				7361A15B14C6A084006C2FA2 /* FEMSolution.m in Sources */,
				73281C6414D2898100854B7D /* FEMPrecondition.m in Sources */,
				737B0D7514E2274B00ED409D /* TimeProfile.c in Sources */,
				73F2105514E3D41000D52906 /* memory.c in Sources */,
				73456ECD14ECDBDC00ECD602 /* FEMHUTIter.m in Sources */,
				7323550C17F4162400AAC8CA /* FEMHeatSolution_OpenCL.m in Sources */,
				73A4696915076F8500BDDEA6 /* Lists.c in Sources */,
				73E6B577181A4E0900D3AB31 /* heatSolutiomAssemblyKernel.cl in Sources */,
				730873901509F5BF001DE27F /* FEMParallelMPI.m in Sources */,
				73355E761510745100F959D8 /* FEMTimeIntegration.m in Sources */,
				73F70A6815130C5E00A5B3B5 /* FEMValueList.m in Sources */,
				73F70A6B1513247500A5B3B5 /* FEMBodyForce.m in Sources */,
				73059E43186BD5F9008B5E44 /* Numerics.c in Sources */,
				73F70A6E1513467C00A5B3B5 /* FEMUtilities.m in Sources */,
				73882CB3151C483600B11665 /* FEMMatrixCRS.m in Sources */,
				73882CB7151C73F000B11665 /* FEMMatrixBand.m in Sources */,
				73456A711521A137003054EB /* FEMBoundaryCondition.m in Sources */,
				734BC2C2152D326900AEE0E4 /* FEMElementDescription.m in Sources */,
				7332A9C6153E8E6500D81D30 /* FEMListUtilities.m in Sources */,
				7372A5F815495CF400A1D6FB /* FEMSimulation.m in Sources */,
				7396D183157863F500626765 /* FEMLinearAlgebra.m in Sources */,
				739A5684157DE092003E549C /* FEMElementsDefinition.m in Sources */,
				73A06CC715919DC5009FC87E /* SIOModelManager.m in Sources */,
				73ADFABE1592D52F009A83C6 /* SIOMeshAgent.m in Sources */,
				73ADFACE1594525A009A83C6 /* FileReader.m in Sources */,
				73ADFAD115945343009A83C6 /* NSDataExtensions.m in Sources */,
				73ADFAD41594560F009A83C6 /* DirectoryReader.m in Sources */,
				7320CC62159970510050D3B6 /* NodeCompare.c in Sources */,
				7320CC66159C6B9D0050D3B6 /* SIOMeshIO.m in Sources */,
				73BAD5561911E1470037E58A /* FEMNavierStokes.m in Sources */,
				7372925415AA879E004532B5 /* SIOInfoParallel.m in Sources */,
				736DF3BC15BD38DD00D702C7 /* FEMMatrix.m in Sources */,
				7328669615C2744B000E1128 /* FEMVariable.m in Sources */,
				73DB203215D3A951006C5F1C /* FEMJob.m in Sources */,
				73A56C4315D3D27D00227A1D /* FEMProjector.m in Sources */,
				73F0090D15D90D57004B7DCE /* FEMEquation.m in Sources */,
				73BBD72715DB8AC700B5735D /* FEMPElementMaps.m in Sources */,
				73702BEC15EC5E240056C80E /* FEMMeshUtils.m in Sources */,
				7316B30316144DC900A8C23C /* FEMInterpolation.m in Sources */,
				73C494FD192EED3200F36146 /* Walls.c in Sources */,
				737CCFCB1683F5EA00A94486 /* FEMBoundary.m in Sources */,
				73206776168D7D9700BAE816 /* FEMElementUtils.m in Sources */,
				73E6B57D181A55AE00D3AB31 /* OpenCLUtils.c in Sources */,
				7320677A169A6EA900BAE816 /* FEMListMatrix.m in Sources */,
				7320677D169C00DF00BAE816 /* FEMBandwidthOptimize.m in Sources */,
				73DE8B1C16B2627000DA2D7D /* Constructors.c in Sources */,
				738BC1A416F06EB800EDFA6B /* FEMInitialConditions.m in Sources */,
				73DFEE5F16F33D280081A3A4 /* FEMFlowSolution.m in Sources */,
				73EE3A9616F808E30054B7AE /* FEMMagneticInductionSolution.m in Sources */,
				73EE3A9916F809640054B7AE /* FEMStressAnalysisSolution.m in Sources */,
				73EE3A9C16F809A60054B7AE /* FEMMeshUpdateSolution.m in Sources */,
				73EE3A9F16F809E50054B7AE /* FEMHeatSolution.m in Sources */,
				73B1B273170570550056322B /* FEMPost.m in Sources */,
				73F2D7EC173A1DDA0070D7C0 /* FEMConstants.m in Sources */,
				73D1FAEE1745DA8700D4E5C9 /* FEMMaterial.m in Sources */,
				73F45235174F0C1000A94149 /* FEMCoordinateSystems.m in Sources */,
				73844CF1175C38370002DA9D /* FEMRadiation.m in Sources */,
				73D0F11D175DBC0F00CE3326 /* FEMDiffuseConvectiveAnisotropic.m in Sources */,
				73D0F120175DD03200CE3326 /* FEMDiffuseConvectiveGeneralAnisotropic.m in Sources */,
				733F0EE81765A87700D24664 /* FEMIterativeMethods.m in Sources */,
				738CA3D017699396007F9ADB /* FEMMaterialModels.m in Sources */,
				73167EFE177058D8003A1A20 /* FEMDifferentials.m in Sources */,
			);
			runOnlyForDeploymentPostprocessing = 0;
		};
		7315513913583FFD004CCD09 /* Sources */ = {
			isa = PBXSourcesBuildPhase;
			buildActionMask = 2147483647;
			files = (
				739B4184189F803C00F3F266 /* OpenCLUtils.c in Sources */,
				739B4182189F7FED00F3F266 /* FEMHeatSolution_OpenCL.m in Sources */,
				739B417A189F7F9800F3F266 /* Constructors.c in Sources */,
				739B417B189F7F9800F3F266 /* TimeProfile.c in Sources */,
				739B417C189F7F9800F3F266 /* memory.c in Sources */,
				739B417D189F7F9800F3F266 /* Utils.c in Sources */,
				739B417E189F7F9800F3F266 /* Numerics.c in Sources */,
				739B417F189F7F9800F3F266 /* GaussIntegration.c in Sources */,
				739B4180189F7F9800F3F266 /* NodalBasisFunctions.c in Sources */,
				739B4181189F7F9800F3F266 /* Lists.c in Sources */,
				739B4142189F7F4000F3F266 /* NSDataExtensions.m in Sources */,
				739B4143189F7F4000F3F266 /* DirectoryReader.m in Sources */,
				739B4144189F7F4000F3F266 /* FileReader.m in Sources */,
				739B4145189F7F4000F3F266 /* SIOInfoParallel.m in Sources */,
				739B4146189F7F4000F3F266 /* NodeCompare.c in Sources */,
				739B4147189F7F4000F3F266 /* SIOModelManager.m in Sources */,
				739B4148189F7F4000F3F266 /* SIOMeshAgent.m in Sources */,
				739B4149189F7F4000F3F266 /* SIOMeshIO.m in Sources */,
				739B414A189F7F4000F3F266 /* FEMHUTIter.m in Sources */,
				739B414B189F7F4000F3F266 /* FEMTimeIntegration.m in Sources */,
				739B414C189F7F4000F3F266 /* FEMMatrix.m in Sources */,
				739B414D189F7F4000F3F266 /* FEMVariable.m in Sources */,
				739B414E189F7F4000F3F266 /* FEMProjector.m in Sources */,
				739B414F189F7F4000F3F266 /* FEMPElementMaps.m in Sources */,
				739B4150189F7F4000F3F266 /* FEMElementsDefinition.m in Sources */,
				739B4151189F7F4000F3F266 /* FEMLinearAlgebra.m in Sources */,
				739B4152189F7F4000F3F266 /* FEMInterpolation.m in Sources */,
				739B4153189F7F4000F3F266 /* FEMUtilities.m in Sources */,
				739B4154189F7F4000F3F266 /* FEMValueList.m in Sources */,
				739B4155189F7F4000F3F266 /* FEMListUtilities.m in Sources */,
				739B4156189F7F4000F3F266 /* FEMBodyForce.m in Sources */,
				739B4157189F7F4000F3F266 /* FEMBoundaryCondition.m in Sources */,
				739B4158189F7F4000F3F266 /* FEMBoundary.m in Sources */,
				739B4159189F7F4000F3F266 /* FEMSimulation.m in Sources */,
				739B415A189F7F4000F3F266 /* FEMEquation.m in Sources */,
				739B415B189F7F4000F3F266 /* FEMInitialConditions.m in Sources */,
				739B415C189F7F4000F3F266 /* FEMConstants.m in Sources */,
				739B415D189F7F4000F3F266 /* FEMMaterial.m in Sources */,
				739B415E189F7F4000F3F266 /* FEMMeshUtils.m in Sources */,
				739B415F189F7F4000F3F266 /* FEMElementUtils.m in Sources */,
				739B4160189F7F4000F3F266 /* FEMListMatrix.m in Sources */,
				739B4161189F7F4000F3F266 /* FEMBandwidthOptimize.m in Sources */,
				739B4162189F7F4000F3F266 /* FEMCoordinateSystems.m in Sources */,
				739B4163189F7F4000F3F266 /* FEMPost.m in Sources */,
				739B4164189F7F4000F3F266 /* FEMRadiation.m in Sources */,
				739B4165189F7F4000F3F266 /* FEMIterativeMethods.m in Sources */,
				739B4166189F7F4000F3F266 /* FEMMaterialModels.m in Sources */,
				739B4167189F7F4000F3F266 /* FEMDifferentials.m in Sources */,
				739B4168189F7F4000F3F266 /* FEMParallelMPI.m in Sources */,
				739B4169189F7F4000F3F266 /* FEMSolution.m in Sources */,
				739B416A189F7F4000F3F266 /* FEMMatrixCRS.m in Sources */,
				739B416B189F7F4000F3F266 /* FEMMatrixBand.m in Sources */,
				739B416C189F7F4000F3F266 /* FEMPrecondition.m in Sources */,
				739B416D189F7F4000F3F266 /* FEMMesh.m in Sources */,
				739B416E189F7F4000F3F266 /* FEMElementDescription.m in Sources */,
				739B416F189F7F4000F3F266 /* FEMNumericIntegration.m in Sources */,
				739B4170189F7F4000F3F266 /* FEMModel.m in Sources */,
				739B4171189F7F4000F3F266 /* FEMCore.m in Sources */,
				739B4172189F7F4100F3F266 /* FEMJob.m in Sources */,
				739B4173189F7F4100F3F266 /* FEMDiffuseConvectiveAnisotropic.m in Sources */,
				739B4174189F7F4100F3F266 /* FEMDiffuseConvectiveGeneralAnisotropic.m in Sources */,
				739B4175189F7F4100F3F266 /* FEMFlowSolution.m in Sources */,
				739B4176189F7F4100F3F266 /* FEMMagneticInductionSolution.m in Sources */,
				739B4177189F7F4100F3F266 /* FEMStressAnalysisSolution.m in Sources */,
				739B4178189F7F4100F3F266 /* FEMMeshUpdateSolution.m in Sources */,
				739B4179189F7F4100F3F266 /* FEMHeatSolution.m in Sources */,
				73E717B4189B493700C68DD8 /* testListUtilities.m in Sources */,
				7315514C13583FFD004CCD09 /* SainoTests.m in Sources */,
			);
			runOnlyForDeploymentPostprocessing = 0;
		};
/* End PBXSourcesBuildPhase section */

/* Begin PBXTargetDependency section */
		7315514113583FFD004CCD09 /* PBXTargetDependency */ = {
			isa = PBXTargetDependency;
			target = 7315511C13583FFD004CCD09 /* Saino */;
			targetProxy = 7315514013583FFD004CCD09 /* PBXContainerItemProxy */;
		};
/* End PBXTargetDependency section */

/* Begin PBXVariantGroup section */
		7315512A13583FFD004CCD09 /* InfoPlist.strings */ = {
			isa = PBXVariantGroup;
			children = (
				7315512B13583FFD004CCD09 /* en */,
			);
			name = InfoPlist.strings;
			sourceTree = "<group>";
		};
		7315513013583FFD004CCD09 /* Credits.rtf */ = {
			isa = PBXVariantGroup;
			children = (
				7315513113583FFD004CCD09 /* en */,
			);
			name = Credits.rtf;
			sourceTree = "<group>";
		};
		7315513613583FFD004CCD09 /* MainMenu.xib */ = {
			isa = PBXVariantGroup;
			children = (
				7315513713583FFD004CCD09 /* en */,
			);
			name = MainMenu.xib;
			sourceTree = "<group>";
		};
		7315514513583FFD004CCD09 /* InfoPlist.strings */ = {
			isa = PBXVariantGroup;
			children = (
				7315514613583FFD004CCD09 /* en */,
			);
			name = InfoPlist.strings;
			sourceTree = "<group>";
		};
/* End PBXVariantGroup section */

/* Begin XCBuildConfiguration section */
		7315514D13583FFD004CCD09 /* Debug */ = {
			isa = XCBuildConfiguration;
			buildSettings = {
				CLANG_ENABLE_OBJC_ARC = YES;
				CLANG_WARN_BOOL_CONVERSION = YES;
				CLANG_WARN_CONSTANT_CONVERSION = YES;
				CLANG_WARN_EMPTY_BODY = YES;
				CLANG_WARN_ENUM_CONVERSION = YES;
				CLANG_WARN_INT_CONVERSION = YES;
				CLANG_WARN__DUPLICATE_METHOD_MATCH = YES;
				GCC_C_LANGUAGE_STANDARD = gnu99;
				GCC_OPTIMIZATION_LEVEL = 0;
				GCC_PREPROCESSOR_DEFINITIONS = DEBUG;
				GCC_SYMBOLS_PRIVATE_EXTERN = NO;
				GCC_VERSION = com.apple.compilers.llvm.clang.1_0;
				GCC_WARN_64_TO_32_BIT_CONVERSION = YES;
				GCC_WARN_ABOUT_RETURN_TYPE = YES;
				GCC_WARN_UNDECLARED_SELECTOR = YES;
				GCC_WARN_UNINITIALIZED_AUTOS = YES;
				GCC_WARN_UNUSED_FUNCTION = YES;
				GCC_WARN_UNUSED_VARIABLE = YES;
				MACOSX_DEPLOYMENT_TARGET = 10.8;
				ONLY_ACTIVE_ARCH = YES;
				SDKROOT = macosx;
			};
			name = Debug;
		};
		7315514E13583FFD004CCD09 /* Release */ = {
			isa = XCBuildConfiguration;
			buildSettings = {
				CLANG_ENABLE_OBJC_ARC = YES;
				CLANG_WARN_BOOL_CONVERSION = YES;
				CLANG_WARN_CONSTANT_CONVERSION = YES;
				CLANG_WARN_EMPTY_BODY = YES;
				CLANG_WARN_ENUM_CONVERSION = YES;
				CLANG_WARN_INT_CONVERSION = YES;
				CLANG_WARN__DUPLICATE_METHOD_MATCH = YES;
				GCC_C_LANGUAGE_STANDARD = gnu99;
				GCC_VERSION = com.apple.compilers.llvm.clang.1_0;
				GCC_WARN_64_TO_32_BIT_CONVERSION = YES;
				GCC_WARN_ABOUT_RETURN_TYPE = YES;
				GCC_WARN_UNDECLARED_SELECTOR = YES;
				GCC_WARN_UNINITIALIZED_AUTOS = YES;
				GCC_WARN_UNUSED_FUNCTION = YES;
				GCC_WARN_UNUSED_VARIABLE = YES;
				MACOSX_DEPLOYMENT_TARGET = 10.8;
				SDKROOT = macosx;
			};
			name = Release;
		};
		7315515013583FFD004CCD09 /* Debug */ = {
			isa = XCBuildConfiguration;
			buildSettings = {
				ALWAYS_SEARCH_USER_PATHS = NO;
				COMBINE_HIDPI_IMAGES = YES;
				COPY_PHASE_STRIP = NO;
				GCC_DYNAMIC_NO_PIC = NO;
				GCC_ENABLE_OBJC_EXCEPTIONS = YES;
				GCC_OPTIMIZATION_LEVEL = 0;
				GCC_PRECOMPILE_PREFIX_HEADER = YES;
				GCC_PREFIX_HEADER = "Saino/Saino-Prefix.pch";
				GCC_SYMBOLS_PRIVATE_EXTERN = NO;
				GCC_UNROLL_LOOPS = YES;
				INFOPLIST_FILE = "Saino/Saino-Info.plist";
				LLVM_VECTORIZE_LOOPS = NO;
				MACOSX_DEPLOYMENT_TARGET = 10.9;
				OPENCL_AUTO_VECTORIZE_ENABLE = YES;
				OPENCL_COMPILER_VERSION = CL1.1;
				OPENCL_DOUBLE_AS_SINGLE = NO;
				PRODUCT_NAME = "$(TARGET_NAME)";
				SDKROOT = macosx;
				WRAPPER_EXTENSION = app;
			};
			name = Debug;
		};
		7315515113583FFD004CCD09 /* Release */ = {
			isa = XCBuildConfiguration;
			buildSettings = {
				ALWAYS_SEARCH_USER_PATHS = NO;
				COMBINE_HIDPI_IMAGES = YES;
				COPY_PHASE_STRIP = YES;
				DEBUG_INFORMATION_FORMAT = "dwarf-with-dsym";
				GCC_ENABLE_OBJC_EXCEPTIONS = YES;
				GCC_OPTIMIZATION_LEVEL = 0;
				GCC_PRECOMPILE_PREFIX_HEADER = YES;
				GCC_PREFIX_HEADER = "Saino/Saino-Prefix.pch";
				GCC_SYMBOLS_PRIVATE_EXTERN = NO;
				GCC_UNROLL_LOOPS = NO;
				INFOPLIST_FILE = "Saino/Saino-Info.plist";
				LLVM_VECTORIZE_LOOPS = NO;
				MACOSX_DEPLOYMENT_TARGET = 10.9;
				OPENCL_AUTO_VECTORIZE_ENABLE = YES;
				OPENCL_COMPILER_VERSION = CL1.1;
				OPENCL_DOUBLE_AS_SINGLE = NO;
				PRODUCT_NAME = "$(TARGET_NAME)";
				SDKROOT = macosx;
				WRAPPER_EXTENSION = app;
			};
			name = Release;
		};
		7315515313583FFD004CCD09 /* Debug */ = {
			isa = XCBuildConfiguration;
			buildSettings = {
				ALWAYS_SEARCH_USER_PATHS = NO;
				COMBINE_HIDPI_IMAGES = YES;
				COPY_PHASE_STRIP = NO;
				FRAMEWORK_SEARCH_PATHS = "$(inherited)";
				GCC_DYNAMIC_NO_PIC = NO;
				GCC_ENABLE_OBJC_EXCEPTIONS = YES;
				GCC_PRECOMPILE_PREFIX_HEADER = YES;
				GCC_PREFIX_HEADER = "SainoTests/SainoTests-Prefix.pch";
				INFOPLIST_FILE = "SainoTests/SainoTests-Info.plist";
				PRODUCT_NAME = "$(TARGET_NAME)";
				SDKROOT = macosx;
			};
			name = Debug;
		};
		7315515413583FFD004CCD09 /* Release */ = {
			isa = XCBuildConfiguration;
			buildSettings = {
				ALWAYS_SEARCH_USER_PATHS = NO;
				COMBINE_HIDPI_IMAGES = YES;
				COPY_PHASE_STRIP = YES;
				DEBUG_INFORMATION_FORMAT = "dwarf-with-dsym";
				FRAMEWORK_SEARCH_PATHS = "$(inherited)";
				GCC_ENABLE_OBJC_EXCEPTIONS = YES;
				GCC_PRECOMPILE_PREFIX_HEADER = YES;
				GCC_PREFIX_HEADER = "SainoTests/SainoTests-Prefix.pch";
				INFOPLIST_FILE = "SainoTests/SainoTests-Info.plist";
				PRODUCT_NAME = "$(TARGET_NAME)";
				SDKROOT = macosx;
			};
			name = Release;
		};
/* End XCBuildConfiguration section */

/* Begin XCConfigurationList section */
		7315511713583FFD004CCD09 /* Build configuration list for PBXProject "Saino" */ = {
			isa = XCConfigurationList;
			buildConfigurations = (
				7315514D13583FFD004CCD09 /* Debug */,
				7315514E13583FFD004CCD09 /* Release */,
			);
			defaultConfigurationIsVisible = 0;
			defaultConfigurationName = Release;
		};
		7315514F13583FFD004CCD09 /* Build configuration list for PBXNativeTarget "Saino" */ = {
			isa = XCConfigurationList;
			buildConfigurations = (
				7315515013583FFD004CCD09 /* Debug */,
				7315515113583FFD004CCD09 /* Release */,
			);
			defaultConfigurationIsVisible = 0;
			defaultConfigurationName = Release;
		};
		7315515213583FFD004CCD09 /* Build configuration list for PBXNativeTarget "SainoTests" */ = {
			isa = XCConfigurationList;
			buildConfigurations = (
				7315515313583FFD004CCD09 /* Debug */,
				7315515413583FFD004CCD09 /* Release */,
			);
			defaultConfigurationIsVisible = 0;
			defaultConfigurationName = Release;
		};
/* End XCConfigurationList section */
	};
	rootObject = 7315511413583FFD004CCD09 /* Project object */;
}
